{
    "version": 3,
    "terraform_version": "0.9.11",
    "serial": 17,
    "lineage": "2338c7cc-ed77-469b-9e00-4353c7226cdf",
    "modules": [
        {
            "path": [
                "root"
            ],
            "outputs": {
                "alb dns name": {
                    "sensitive": false,
                    "type": "string",
                    "value": "onkyo-alb-prod-607231302.eu-west-1.elb.amazonaws.com"
                },
                "bastion public ip address": {
                    "sensitive": false,
                    "type": "string",
                    "value": "52.215.48.196"
                },
                "vpc id": {
                    "sensitive": false,
                    "type": "string",
                    "value": "vpc-d38739b4"
                }
            },
            "resources": {},
            "depends_on": []
        },
        {
            "path": [
                "root",
                "alb"
            ],
            "outputs": {
                "alb_dns": {
                    "sensitive": false,
                    "type": "string",
                    "value": "onkyo-alb-prod-607231302.eu-west-1.elb.amazonaws.com"
                },
                "alb_id": {
                    "sensitive": false,
                    "type": "string",
                    "value": "arn:aws:elasticloadbalancing:eu-west-1:469564823659:loadbalancer/app/onkyo-alb-prod/b5a5f1058f206ce8"
                },
                "aws_alb_target_group": {
                    "sensitive": false,
                    "type": "string",
                    "value": "arn:aws:elasticloadbalancing:eu-west-1:469564823659:targetgroup/onkyo-alb-prod-target-group/7c4d3c240133a43b"
                }
            },
            "resources": {
                "aws_alb.onkyo-store": {
                    "type": "aws_alb",
                    "depends_on": [],
                    "primary": {
                        "id": "arn:aws:elasticloadbalancing:eu-west-1:469564823659:loadbalancer/app/onkyo-alb-prod/b5a5f1058f206ce8",
                        "attributes": {
                            "access_logs.#": "0",
                            "arn": "arn:aws:elasticloadbalancing:eu-west-1:469564823659:loadbalancer/app/onkyo-alb-prod/b5a5f1058f206ce8",
                            "arn_suffix": "app/onkyo-alb-prod/b5a5f1058f206ce8",
                            "dns_name": "onkyo-alb-prod-607231302.eu-west-1.elb.amazonaws.com",
                            "enable_deletion_protection": "false",
                            "id": "arn:aws:elasticloadbalancing:eu-west-1:469564823659:loadbalancer/app/onkyo-alb-prod/b5a5f1058f206ce8",
                            "idle_timeout": "60",
                            "internal": "false",
                            "ip_address_type": "ipv4",
                            "name": "onkyo-alb-prod",
                            "security_groups.#": "1",
                            "security_groups.1806706643": "sg-f109be89",
                            "subnets.#": "2",
                            "subnets.1345664459": "subnet-c65ca09d",
                            "subnets.2148007347": "subnet-641eae03",
                            "tags.%": "2",
                            "tags.Name": "onkyo-store alb prod-alb",
                            "tags.team": "systems",
                            "vpc_id": "vpc-d38739b4",
                            "zone_id": "Z32O12XQLNTSW2"
                        },
                        "meta": {
                            "e2bfb730-ecaa-11e6-8f88-34363bc7c4c0": {
                                "create": 600000000000,
                                "delete": 600000000000,
                                "update": 600000000000
                            }
                        },
                        "tainted": false
                    },
                    "deposed": [],
                    "provider": ""
                },
                "aws_alb_listener.http": {
                    "type": "aws_alb_listener",
                    "depends_on": [
                        "aws_alb.onkyo-store",
                        "aws_alb_target_group.onkyo-store"
                    ],
                    "primary": {
                        "id": "arn:aws:elasticloadbalancing:eu-west-1:469564823659:listener/app/onkyo-alb-prod/b5a5f1058f206ce8/6c44be674ca5af57",
                        "attributes": {
                            "arn": "arn:aws:elasticloadbalancing:eu-west-1:469564823659:listener/app/onkyo-alb-prod/b5a5f1058f206ce8/6c44be674ca5af57",
                            "default_action.#": "1",
                            "default_action.0.target_group_arn": "arn:aws:elasticloadbalancing:eu-west-1:469564823659:targetgroup/onkyo-alb-prod-target-group/7c4d3c240133a43b",
                            "default_action.0.type": "forward",
                            "id": "arn:aws:elasticloadbalancing:eu-west-1:469564823659:listener/app/onkyo-alb-prod/b5a5f1058f206ce8/6c44be674ca5af57",
                            "load_balancer_arn": "arn:aws:elasticloadbalancing:eu-west-1:469564823659:loadbalancer/app/onkyo-alb-prod/b5a5f1058f206ce8",
                            "port": "80",
                            "protocol": "HTTP",
                            "ssl_policy": ""
                        },
                        "meta": {},
                        "tainted": false
                    },
                    "deposed": [],
                    "provider": ""
                },
                "aws_alb_target_group.onkyo-store": {
                    "type": "aws_alb_target_group",
                    "depends_on": [
                        "aws_alb.onkyo-store"
                    ],
                    "primary": {
                        "id": "arn:aws:elasticloadbalancing:eu-west-1:469564823659:targetgroup/onkyo-alb-prod-target-group/7c4d3c240133a43b",
                        "attributes": {
                            "arn": "arn:aws:elasticloadbalancing:eu-west-1:469564823659:targetgroup/onkyo-alb-prod-target-group/7c4d3c240133a43b",
                            "arn_suffix": "targetgroup/onkyo-alb-prod-target-group/7c4d3c240133a43b",
                            "deregistration_delay": "300",
                            "health_check.#": "1",
                            "health_check.0.healthy_threshold": "5",
                            "health_check.0.interval": "15",
                            "health_check.0.matcher": "200",
                            "health_check.0.path": "/",
                            "health_check.0.port": "traffic-port",
                            "health_check.0.protocol": "HTTP",
                            "health_check.0.timeout": "5",
                            "health_check.0.unhealthy_threshold": "5",
                            "id": "arn:aws:elasticloadbalancing:eu-west-1:469564823659:targetgroup/onkyo-alb-prod-target-group/7c4d3c240133a43b",
                            "name": "onkyo-alb-prod-target-group",
                            "port": "4200",
                            "protocol": "HTTP",
                            "stickiness.#": "1",
                            "stickiness.0.cookie_duration": "86400",
                            "stickiness.0.enabled": "true",
                            "stickiness.0.type": "lb_cookie",
                            "tags.%": "1",
                            "tags.Name": "onkyo-store alb prod-group",
                            "vpc_id": "vpc-d38739b4"
                        },
                        "meta": {},
                        "tainted": false
                    },
                    "deposed": [],
                    "provider": ""
                }
            },
            "depends_on": []
        },
        {
            "path": [
                "root",
                "autoscaling_groups"
            ],
            "outputs": {
                "cluster_name": {
                    "sensitive": false,
                    "type": "string",
                    "value": "onkyo-ecs-cluster-prod"
                }
            },
            "resources": {
                "aws_autoscaling_group.ecs": {
                    "type": "aws_autoscaling_group",
                    "depends_on": [],
                    "primary": {
                        "id": "onkyo-ecs-cluster-prod",
                        "attributes": {
                            "arn": "arn:aws:autoscaling:eu-west-1:469564823659:autoScalingGroup:b8440432-7ad0-47e3-95c2-95a0c7a673ea:autoScalingGroupName/onkyo-ecs-cluster-prod",
                            "availability_zones.#": "2",
                            "availability_zones.1924028850": "eu-west-1b",
                            "availability_zones.3953592328": "eu-west-1a",
                            "default_cooldown": "300",
                            "desired_capacity": "2",
                            "enabled_metrics.#": "7",
                            "enabled_metrics.1940933563": "GroupTotalInstances",
                            "enabled_metrics.308948767": "GroupPendingInstances",
                            "enabled_metrics.3267518000": "GroupTerminatingInstances",
                            "enabled_metrics.3394537085": "GroupDesiredCapacity",
                            "enabled_metrics.3551801763": "GroupInServiceInstances",
                            "enabled_metrics.4118539418": "GroupMinSize",
                            "enabled_metrics.4136111317": "GroupMaxSize",
                            "force_delete": "true",
                            "health_check_grace_period": "300",
                            "health_check_type": "EC2",
                            "id": "onkyo-ecs-cluster-prod",
                            "launch_configuration": "onkyo-store-cluster-ec2-launch-configuration-prod",
                            "load_balancers.#": "0",
                            "max_size": "6",
                            "metrics_granularity": "1Minute",
                            "min_size": "2",
                            "name": "onkyo-ecs-cluster-prod",
                            "placement_group": "",
                            "protect_from_scale_in": "false",
                            "suspended_processes.#": "0",
                            "tag.#": "1",
                            "tag.492842744.key": "Name",
                            "tag.492842744.propagate_at_launch": "true",
                            "tag.492842744.value": "ecs-autoscaling-instance-onkyo-ecs-cluster-prod",
                            "target_group_arns.#": "0",
                            "termination_policies.#": "0",
                            "vpc_zone_identifier.#": "2",
                            "vpc_zone_identifier.1264160760": "subnet-785ea223",
                            "vpc_zone_identifier.2730608802": "subnet-bd1cacda",
                            "wait_for_capacity_timeout": "10m"
                        },
                        "meta": {},
                        "tainted": false
                    },
                    "deposed": [],
                    "provider": ""
                }
            },
            "depends_on": []
        },
        {
            "path": [
                "root",
                "autoscaling_policy"
            ],
            "outputs": {
                "scale-down-ec2-cluster": {
                    "sensitive": false,
                    "type": "string",
                    "value": "arn:aws:autoscaling:eu-west-1:469564823659:scalingPolicy:42e702c6-00ce-4e9a-8745-b16fe26edda6:autoScalingGroupName/onkyo-ecs-cluster-prod:policyName/scale-down-ec2-cluster"
                },
                "scale-up-ec2-cluster": {
                    "sensitive": false,
                    "type": "string",
                    "value": "arn:aws:autoscaling:eu-west-1:469564823659:scalingPolicy:d7332f6a-9e4f-40a7-9abb-655b002c8bf4:autoScalingGroupName/onkyo-ecs-cluster-prod:policyName/scale-up-ec2-cluster"
                }
            },
            "resources": {
                "aws_autoscaling_policy.scale-down-ec2-cluster": {
                    "type": "aws_autoscaling_policy",
                    "depends_on": [],
                    "primary": {
                        "id": "scale-down-ec2-cluster",
                        "attributes": {
                            "adjustment_type": "ChangeInCapacity",
                            "arn": "arn:aws:autoscaling:eu-west-1:469564823659:scalingPolicy:42e702c6-00ce-4e9a-8745-b16fe26edda6:autoScalingGroupName/onkyo-ecs-cluster-prod:policyName/scale-down-ec2-cluster",
                            "autoscaling_group_name": "onkyo-ecs-cluster-prod",
                            "cooldown": "120",
                            "estimated_instance_warmup": "0",
                            "id": "scale-down-ec2-cluster",
                            "metric_aggregation_type": "",
                            "min_adjustment_step": "0",
                            "name": "scale-down-ec2-cluster",
                            "policy_type": "SimpleScaling",
                            "scaling_adjustment": "-1",
                            "step_adjustment.#": "0"
                        },
                        "meta": {},
                        "tainted": false
                    },
                    "deposed": [],
                    "provider": ""
                },
                "aws_autoscaling_policy.scale-up-ec2-cluster": {
                    "type": "aws_autoscaling_policy",
                    "depends_on": [],
                    "primary": {
                        "id": "scale-up-ec2-cluster",
                        "attributes": {
                            "adjustment_type": "ChangeInCapacity",
                            "arn": "arn:aws:autoscaling:eu-west-1:469564823659:scalingPolicy:d7332f6a-9e4f-40a7-9abb-655b002c8bf4:autoScalingGroupName/onkyo-ecs-cluster-prod:policyName/scale-up-ec2-cluster",
                            "autoscaling_group_name": "onkyo-ecs-cluster-prod",
                            "cooldown": "120",
                            "estimated_instance_warmup": "0",
                            "id": "scale-up-ec2-cluster",
                            "metric_aggregation_type": "",
                            "min_adjustment_step": "0",
                            "name": "scale-up-ec2-cluster",
                            "policy_type": "SimpleScaling",
                            "scaling_adjustment": "1",
                            "step_adjustment.#": "0"
                        },
                        "meta": {},
                        "tainted": false
                    },
                    "deposed": [],
                    "provider": ""
                }
            },
            "depends_on": []
        },
        {
            "path": [
                "root",
                "bastion_server"
            ],
            "outputs": {
                "bastion_public_ip": {
                    "sensitive": false,
                    "type": "string",
                    "value": "52.215.48.196"
                }
            },
            "resources": {
                "aws_instance.bastion": {
                    "type": "aws_instance",
                    "depends_on": [],
                    "primary": {
                        "id": "i-089bb570f2f8808c9",
                        "attributes": {
                            "ami": "ami-9398d3e0",
                            "associate_public_ip_address": "true",
                            "availability_zone": "eu-west-1a",
                            "disable_api_termination": "false",
                            "ebs_block_device.#": "0",
                            "ebs_optimized": "false",
                            "ephemeral_block_device.#": "0",
                            "iam_instance_profile": "",
                            "id": "i-089bb570f2f8808c9",
                            "instance_state": "running",
                            "instance_type": "t2.small",
                            "ipv6_addresses.#": "0",
                            "key_name": "tf_onkyo-store",
                            "monitoring": "false",
                            "network_interface.#": "0",
                            "network_interface_id": "eni-52b0375c",
                            "primary_network_interface_id": "eni-52b0375c",
                            "private_dns": "ip-10-23-4-136.eu-west-1.compute.internal",
                            "private_ip": "10.23.4.136",
                            "public_dns": "ec2-52-215-48-196.eu-west-1.compute.amazonaws.com",
                            "public_ip": "52.215.48.196",
                            "root_block_device.#": "1",
                            "root_block_device.0.delete_on_termination": "true",
                            "root_block_device.0.iops": "100",
                            "root_block_device.0.volume_size": "8",
                            "root_block_device.0.volume_type": "gp2",
                            "security_groups.#": "0",
                            "source_dest_check": "false",
                            "subnet_id": "subnet-c65ca09d",
                            "tags.%": "2",
                            "tags.Name": "onkyo-store-bastion-ecs-prod",
                            "tags.team": "systems",
                            "tenancy": "default",
                            "volume_tags.%": "0",
                            "vpc_security_group_ids.#": "1",
                            "vpc_security_group_ids.556029117": "sg-e9f74191"
                        },
                        "meta": {
                            "e2bfb730-ecaa-11e6-8f88-34363bc7c4c0": {
                                "create": 600000000000,
                                "delete": 600000000000,
                                "update": 600000000000
                            },
                            "schema_version": "1"
                        },
                        "tainted": false
                    },
                    "deposed": [],
                    "provider": ""
                }
            },
            "depends_on": []
        },
        {
            "path": [
                "root",
                "cloudwatch"
            ],
            "outputs": {},
            "resources": {
                "aws_appautoscaling_policy.service_down": {
                    "type": "aws_appautoscaling_policy",
                    "depends_on": [
                        "aws_appautoscaling_target.ecs_target"
                    ],
                    "primary": {
                        "id": "service-down-prod",
                        "attributes": {
                            "adjustment_type": "ChangeInCapacity",
                            "alarms.#": "0",
                            "arn": "arn:aws:autoscaling:eu-west-1:469564823659:scalingPolicy:ef320d92-d2a2-4d5f-bfa6-bacfad8b0b0f:resource/ecs/service/onkyo-ecs-cluster-prod/onkyo-store-ecs-service-prod:policyName/service-down-prod",
                            "cooldown": "60",
                            "id": "service-down-prod",
                            "metric_aggregation_type": "Average",
                            "name": "service-down-prod",
                            "policy_type": "StepScaling",
                            "resource_id": "service/onkyo-ecs-cluster-prod/onkyo-store-ecs-service-prod",
                            "scalable_dimension": "ecs:service:DesiredCount",
                            "service_namespace": "ecs",
                            "step_adjustment.#": "1",
                            "step_adjustment.2173517692.metric_interval_lower_bound": "",
                            "step_adjustment.2173517692.metric_interval_upper_bound": "0",
                            "step_adjustment.2173517692.scaling_adjustment": "-1"
                        },
                        "meta": {},
                        "tainted": false
                    },
                    "deposed": [],
                    "provider": ""
                },
                "aws_appautoscaling_policy.service_up": {
                    "type": "aws_appautoscaling_policy",
                    "depends_on": [
                        "aws_appautoscaling_target.ecs_target"
                    ],
                    "primary": {
                        "id": "service-up-prod",
                        "attributes": {
                            "adjustment_type": "ChangeInCapacity",
                            "alarms.#": "0",
                            "arn": "arn:aws:autoscaling:eu-west-1:469564823659:scalingPolicy:ef320d92-d2a2-4d5f-bfa6-bacfad8b0b0f:resource/ecs/service/onkyo-ecs-cluster-prod/onkyo-store-ecs-service-prod:policyName/service-up-prod",
                            "cooldown": "60",
                            "id": "service-up-prod",
                            "metric_aggregation_type": "Average",
                            "name": "service-up-prod",
                            "policy_type": "StepScaling",
                            "resource_id": "service/onkyo-ecs-cluster-prod/onkyo-store-ecs-service-prod",
                            "scalable_dimension": "ecs:service:DesiredCount",
                            "service_namespace": "ecs",
                            "step_adjustment.#": "1",
                            "step_adjustment.2087484785.metric_interval_lower_bound": "0",
                            "step_adjustment.2087484785.metric_interval_upper_bound": "",
                            "step_adjustment.2087484785.scaling_adjustment": "1"
                        },
                        "meta": {},
                        "tainted": false
                    },
                    "deposed": [],
                    "provider": ""
                },
                "aws_appautoscaling_target.ecs_target": {
                    "type": "aws_appautoscaling_target",
                    "depends_on": [],
                    "primary": {
                        "id": "service/onkyo-ecs-cluster-prod/onkyo-store-ecs-service-prod",
                        "attributes": {
                            "id": "service/onkyo-ecs-cluster-prod/onkyo-store-ecs-service-prod",
                            "max_capacity": "4",
                            "min_capacity": "1",
                            "resource_id": "service/onkyo-ecs-cluster-prod/onkyo-store-ecs-service-prod",
                            "role_arn": "arn:aws:iam::469564823659:role/ecsAutoscaleRole",
                            "scalable_dimension": "ecs:service:DesiredCount",
                            "service_namespace": "ecs"
                        },
                        "meta": {},
                        "tainted": false
                    },
                    "deposed": [],
                    "provider": ""
                },
                "aws_cloudwatch_metric_alarm.memory-reservation-above-70": {
                    "type": "aws_cloudwatch_metric_alarm",
                    "depends_on": [],
                    "primary": {
                        "id": "ECS-prod-cluster-memory-reservation-above-70",
                        "attributes": {
                            "actions_enabled": "true",
                            "alarm_actions.#": "1",
                            "alarm_actions.1247232040": "arn:aws:autoscaling:eu-west-1:469564823659:scalingPolicy:d7332f6a-9e4f-40a7-9abb-655b002c8bf4:autoScalingGroupName/onkyo-ecs-cluster-prod:policyName/scale-up-ec2-cluster",
                            "alarm_description": "This metric monitors ECS memory utilization and scales out",
                            "alarm_name": "ECS-prod-cluster-memory-reservation-above-70",
                            "comparison_operator": "GreaterThanOrEqualToThreshold",
                            "dimensions.%": "1",
                            "dimensions.ClusterName": "onkyo-ecs-cluster-prod",
                            "evaluate_low_sample_count_percentiles": "",
                            "evaluation_periods": "1",
                            "extended_statistic": "",
                            "id": "ECS-prod-cluster-memory-reservation-above-70",
                            "insufficient_data_actions.#": "0",
                            "metric_name": "MemoryReservation",
                            "namespace": "AWS/ECS",
                            "ok_actions.#": "0",
                            "period": "120",
                            "statistic": "Average",
                            "threshold": "70",
                            "treat_missing_data": "missing",
                            "unit": ""
                        },
                        "meta": {
                            "schema_version": "1"
                        },
                        "tainted": false
                    },
                    "deposed": [],
                    "provider": ""
                },
                "aws_cloudwatch_metric_alarm.memory-reservation-below-25": {
                    "type": "aws_cloudwatch_metric_alarm",
                    "depends_on": [],
                    "primary": {
                        "id": "ECS-prod-cluster-memory-reservation-below-25",
                        "attributes": {
                            "actions_enabled": "true",
                            "alarm_actions.#": "1",
                            "alarm_actions.3939334525": "arn:aws:autoscaling:eu-west-1:469564823659:scalingPolicy:42e702c6-00ce-4e9a-8745-b16fe26edda6:autoScalingGroupName/onkyo-ecs-cluster-prod:policyName/scale-down-ec2-cluster",
                            "alarm_description": "This metric monitors ECS memory utilization and scales in",
                            "alarm_name": "ECS-prod-cluster-memory-reservation-below-25",
                            "comparison_operator": "LessThanOrEqualToThreshold",
                            "dimensions.%": "1",
                            "dimensions.ClusterName": "onkyo-ecs-cluster-prod",
                            "evaluate_low_sample_count_percentiles": "",
                            "evaluation_periods": "1",
                            "extended_statistic": "",
                            "id": "ECS-prod-cluster-memory-reservation-below-25",
                            "insufficient_data_actions.#": "0",
                            "metric_name": "MemoryReservation",
                            "namespace": "AWS/ECS",
                            "ok_actions.#": "0",
                            "period": "120",
                            "statistic": "Average",
                            "threshold": "25",
                            "treat_missing_data": "missing",
                            "unit": ""
                        },
                        "meta": {
                            "schema_version": "1"
                        },
                        "tainted": false
                    },
                    "deposed": [],
                    "provider": ""
                },
                "aws_cloudwatch_metric_alarm.service_down": {
                    "type": "aws_cloudwatch_metric_alarm",
                    "depends_on": [
                        "aws_appautoscaling_policy.service_down"
                    ],
                    "primary": {
                        "id": "ECS-prod-service-memory-utilization-below-25",
                        "attributes": {
                            "actions_enabled": "true",
                            "alarm_actions.#": "1",
                            "alarm_actions.1338290972": "arn:aws:autoscaling:eu-west-1:469564823659:scalingPolicy:ef320d92-d2a2-4d5f-bfa6-bacfad8b0b0f:resource/ecs/service/onkyo-ecs-cluster-prod/onkyo-store-ecs-service-prod:policyName/service-down-prod",
                            "alarm_description": "",
                            "alarm_name": "ECS-prod-service-memory-utilization-below-25",
                            "comparison_operator": "LessThanThreshold",
                            "dimensions.%": "2",
                            "dimensions.ClusterName": "onkyo-ecs-cluster-prod",
                            "dimensions.ServiceName": "onkyo-store-ecs-service-prod",
                            "evaluate_low_sample_count_percentiles": "",
                            "evaluation_periods": "1",
                            "extended_statistic": "",
                            "id": "ECS-prod-service-memory-utilization-below-25",
                            "insufficient_data_actions.#": "0",
                            "metric_name": "MemoryUtilization",
                            "namespace": "AWS/ECS",
                            "ok_actions.#": "0",
                            "period": "120",
                            "statistic": "Average",
                            "threshold": "25",
                            "treat_missing_data": "missing",
                            "unit": ""
                        },
                        "meta": {
                            "schema_version": "1"
                        },
                        "tainted": false
                    },
                    "deposed": [],
                    "provider": ""
                },
                "aws_cloudwatch_metric_alarm.service_up": {
                    "type": "aws_cloudwatch_metric_alarm",
                    "depends_on": [
                        "aws_appautoscaling_policy.service_up"
                    ],
                    "primary": {
                        "id": "ECS-prod-service-memory-utilization-above-70",
                        "attributes": {
                            "actions_enabled": "true",
                            "alarm_actions.#": "1",
                            "alarm_actions.2318064869": "arn:aws:autoscaling:eu-west-1:469564823659:scalingPolicy:ef320d92-d2a2-4d5f-bfa6-bacfad8b0b0f:resource/ecs/service/onkyo-ecs-cluster-prod/onkyo-store-ecs-service-prod:policyName/service-up-prod",
                            "alarm_description": "",
                            "alarm_name": "ECS-prod-service-memory-utilization-above-70",
                            "comparison_operator": "GreaterThanOrEqualToThreshold",
                            "dimensions.%": "2",
                            "dimensions.ClusterName": "onkyo-ecs-cluster-prod",
                            "dimensions.ServiceName": "onkyo-store-ecs-service-prod",
                            "evaluate_low_sample_count_percentiles": "",
                            "evaluation_periods": "1",
                            "extended_statistic": "",
                            "id": "ECS-prod-service-memory-utilization-above-70",
                            "insufficient_data_actions.#": "0",
                            "metric_name": "MemoryUtilization",
                            "namespace": "AWS/ECS",
                            "ok_actions.#": "0",
                            "period": "60",
                            "statistic": "Average",
                            "threshold": "70",
                            "treat_missing_data": "missing",
                            "unit": ""
                        },
                        "meta": {
                            "schema_version": "1"
                        },
                        "tainted": false
                    },
                    "deposed": [],
                    "provider": ""
                }
            },
            "depends_on": []
        },
        {
            "path": [
                "root",
                "dns"
            ],
            "outputs": {},
            "resources": {
                "aws_route53_record.onkyo-store-alb-dns": {
                    "type": "aws_route53_record",
                    "depends_on": [],
                    "primary": {
                        "id": "Z1CS2DGR5B4GQB_onkyo-store_CNAME",
                        "attributes": {
                            "fqdn": "onkyo-store.prod.global.7digital.net",
                            "health_check_id": "",
                            "id": "Z1CS2DGR5B4GQB_onkyo-store_CNAME",
                            "name": "onkyo-store",
                            "records.#": "1",
                            "records.2947098357": "onkyo-alb-prod-607231302.eu-west-1.elb.amazonaws.com",
                            "set_identifier": "",
                            "ttl": "300",
                            "type": "CNAME",
                            "zone_id": "Z1CS2DGR5B4GQB"
                        },
                        "meta": {
                            "schema_version": "2"
                        },
                        "tainted": false
                    },
                    "deposed": [],
                    "provider": ""
                }
            },
            "depends_on": []
        },
        {
            "path": [
                "root",
                "ecs_cluster"
            ],
            "outputs": {
                "aws_ecs_cluster": {
                    "sensitive": false,
                    "type": "string",
                    "value": "onkyo-ecs-cluster-prod"
                }
            },
            "resources": {
                "aws_ecs_cluster.onkyo-store": {
                    "type": "aws_ecs_cluster",
                    "depends_on": [],
                    "primary": {
                        "id": "arn:aws:ecs:eu-west-1:469564823659:cluster/onkyo-ecs-cluster-prod",
                        "attributes": {
                            "id": "arn:aws:ecs:eu-west-1:469564823659:cluster/onkyo-ecs-cluster-prod",
                            "name": "onkyo-ecs-cluster-prod"
                        },
                        "meta": {},
                        "tainted": false
                    },
                    "deposed": [],
                    "provider": ""
                }
            },
            "depends_on": []
        },
        {
            "path": [
                "root",
                "ecs_service"
            ],
            "outputs": {},
            "resources": {
                "aws_ecs_service.onkyo-store-service": {
                    "type": "aws_ecs_service",
                    "depends_on": [
                        "aws_iam_role_policy.ecs_service_role_policy"
                    ],
                    "primary": {
                        "id": "arn:aws:ecs:eu-west-1:469564823659:service/onkyo-store-ecs-service-prod",
                        "attributes": {
                            "cluster": "onkyo-ecs-cluster-prod",
                            "deployment_maximum_percent": "100",
                            "deployment_minimum_healthy_percent": "50",
                            "desired_count": "2",
                            "iam_role": "ecs_role-prod",
                            "id": "arn:aws:ecs:eu-west-1:469564823659:service/onkyo-store-ecs-service-prod",
                            "load_balancer.#": "1",
                            "load_balancer.1095956518.container_name": "onkyo-store-task-definition-prod",
                            "load_balancer.1095956518.container_port": "4200",
                            "load_balancer.1095956518.elb_name": "",
                            "load_balancer.1095956518.target_group_arn": "arn:aws:elasticloadbalancing:eu-west-1:469564823659:targetgroup/onkyo-alb-prod-target-group/7c4d3c240133a43b",
                            "name": "onkyo-store-ecs-service-prod",
                            "placement_constraints.#": "1",
                            "placement_constraints.2067840941.expression": "",
                            "placement_constraints.2067840941.type": "distinctInstance",
                            "placement_strategy.#": "2",
                            "placement_strategy.2093792364.field": "attribute:ecs.availability-zone",
                            "placement_strategy.2093792364.type": "spread",
                            "placement_strategy.3946258308.field": "instanceId",
                            "placement_strategy.3946258308.type": "spread",
                            "task_definition": "arn:aws:ecs:eu-west-1:469564823659:task-definition/onkyo-store-task-definition-prod:5"
                        },
                        "meta": {},
                        "tainted": false
                    },
                    "deposed": [],
                    "provider": ""
                },
                "aws_iam_role_policy.ecs_service_role_policy": {
                    "type": "aws_iam_role_policy",
                    "depends_on": [],
                    "primary": {
                        "id": "ecs_role-prod:ecs-service-role-policy",
                        "attributes": {
                            "id": "ecs_role-prod:ecs-service-role-policy",
                            "name": "ecs-service-role-policy",
                            "policy": "{\n  \"Version\": \"2012-10-17\",\n  \"Statement\": [\n    {\n      \"Effect\": \"Allow\",\n      \"Action\": [\n        \"ec2:AuthorizeSecurityGroupIngress\",\n        \"ec2:Describe*\",\n        \"elasticloadbalancing:DeregisterInstancesFromLoadBalancer\",\n        \"elasticloadbalancing:DeregisterTargets\",\n        \"elasticloadbalancing:Describe*\",\n        \"elasticloadbalancing:RegisterInstancesWithLoadBalancer\",\n        \"elasticloadbalancing:RegisterTargets\"\n      ],\n      \"Resource\": \"*\"\n    }\n  ]\n}",
                            "role": "ecs_role-prod"
                        },
                        "meta": {},
                        "tainted": false
                    },
                    "deposed": [],
                    "provider": ""
                }
            },
            "depends_on": []
        },
        {
            "path": [
                "root",
                "ecs_task_definition"
            ],
            "outputs": {
                "task_definition_arn": {
                    "sensitive": false,
                    "type": "string",
                    "value": "arn:aws:ecs:eu-west-1:469564823659:task-definition/onkyo-store-task-definition-prod:5"
                }
            },
            "resources": {
                "aws_ecs_task_definition.onkyo_store_service": {
                    "type": "aws_ecs_task_definition",
                    "depends_on": [],
                    "primary": {
                        "id": "onkyo-store-task-definition-prod",
                        "attributes": {
                            "arn": "arn:aws:ecs:eu-west-1:469564823659:task-definition/onkyo-store-task-definition-prod:5",
                            "container_definitions": "1cb77addcb27d589e3d6fb419cfc984f1f5eac50",
                            "family": "onkyo-store-task-definition-prod",
                            "id": "onkyo-store-task-definition-prod",
                            "network_mode": "",
                            "placement_constraints.#": "0",
                            "revision": "5",
                            "task_role_arn": ""
                        },
                        "meta": {},
                        "tainted": false
                    },
                    "deposed": [],
                    "provider": ""
                }
            },
            "depends_on": []
        },
        {
            "path": [
                "root",
                "launch_configurations"
            ],
            "outputs": {
                "ecs": {
                    "sensitive": false,
                    "type": "string",
                    "value": "onkyo-store-cluster-ec2-launch-configuration-prod"
                },
                "iam_role": {
                    "sensitive": false,
                    "type": "string",
                    "value": "ecs_role-prod"
                }
            },
            "resources": {
                "aws_iam_instance_profile.ecs_inst_profile": {
                    "type": "aws_iam_instance_profile",
                    "depends_on": [
                        "aws_iam_role.ecs_role"
                    ],
                    "primary": {
                        "id": "ecs_inst_profile_prod",
                        "attributes": {
                            "arn": "arn:aws:iam::469564823659:instance-profile/ecs_inst_profile_prod",
                            "id": "ecs_inst_profile_prod",
                            "name": "ecs_inst_profile_prod",
                            "path": "/",
                            "role": "ecs_role-prod",
                            "roles.#": "1",
                            "roles.44809218": "ecs_role-prod",
                            "unique_id": "AIPAIJN5GGSMIYQ2WGYH2"
                        },
                        "meta": {},
                        "tainted": false
                    },
                    "deposed": [],
                    "provider": ""
                },
                "aws_iam_role.ecs_role": {
                    "type": "aws_iam_role",
                    "depends_on": [],
                    "primary": {
                        "id": "ecs_role-prod",
                        "attributes": {
                            "arn": "arn:aws:iam::469564823659:role/ecs_role-prod",
                            "assume_role_policy": "{\"Version\":\"2008-10-17\",\"Statement\":[{\"Effect\":\"Allow\",\"Principal\":{\"Service\":[\"ecs.amazonaws.com\",\"ec2.amazonaws.com\"]},\"Action\":\"sts:AssumeRole\"}]}",
                            "create_date": "2017-07-25T09:36:21Z",
                            "id": "ecs_role-prod",
                            "name": "ecs_role-prod",
                            "path": "/",
                            "unique_id": "AROAI6AL5Z26PEUGQSUHM"
                        },
                        "meta": {},
                        "tainted": false
                    },
                    "deposed": [],
                    "provider": ""
                },
                "aws_iam_role_policy.ecs_instance_role_policy": {
                    "type": "aws_iam_role_policy",
                    "depends_on": [
                        "aws_iam_role.ecs_role"
                    ],
                    "primary": {
                        "id": "ecs_role-prod:ecs_instance_role_policy_prod",
                        "attributes": {
                            "id": "ecs_role-prod:ecs_instance_role_policy_prod",
                            "name": "ecs_instance_role_policy_prod",
                            "policy": "{\n  \"Version\": \"2012-10-17\",\n  \"Statement\": [\n    {\n      \"Effect\": \"Allow\",\n      \"Action\": [\n        \"ecs:CreateCluster\",\n        \"ecs:DeregisterContainerInstance\",\n        \"ecs:DiscoverPollEndpoint\",\n        \"ecs:Poll\",\n        \"ecs:RegisterContainerInstance\",\n        \"ecs:StartTelemetrySession\",\n        \"ecs:UpdateContainerInstancesState\",\n        \"ecs:Submit*\",\n        \"ecr:GetAuthorizationToken\",\n        \"ecr:BatchCheckLayerAvailability\",\n        \"ecr:GetDownloadUrlForLayer\",\n        \"ecr:BatchGetImage\",\n        \"logs:CreateLogStream\",\n        \"logs:PutLogEvents\"\n      ],\n      \"Resource\": \"*\"\n    }\n  ]\n}\n",
                            "role": "ecs_role-prod"
                        },
                        "meta": {},
                        "tainted": false
                    },
                    "deposed": [],
                    "provider": ""
                },
                "aws_launch_configuration.ecs": {
                    "type": "aws_launch_configuration",
                    "depends_on": [
                        "aws_iam_instance_profile.ecs_inst_profile"
                    ],
                    "primary": {
                        "id": "onkyo-store-cluster-ec2-launch-configuration-prod",
                        "attributes": {
                            "associate_public_ip_address": "false",
                            "ebs_block_device.#": "0",
                            "ebs_optimized": "false",
                            "enable_monitoring": "true",
                            "ephemeral_block_device.#": "0",
                            "iam_instance_profile": "ecs_inst_profile_prod",
                            "id": "onkyo-store-cluster-ec2-launch-configuration-prod",
                            "image_id": "ami-5ae4f83c",
                            "instance_type": "t2.medium",
                            "key_name": "tf_onkyo-store",
                            "name": "onkyo-store-cluster-ec2-launch-configuration-prod",
                            "root_block_device.#": "0",
                            "security_groups.#": "1",
                            "security_groups.572453831": "sg-12f6406a",
                            "spot_price": "",
                            "user_data": "6249cf038dc6bd445bfdb0c924dbc97ba6f8dc07",
                            "vpc_classic_link_id": "",
                            "vpc_classic_link_security_groups.#": "0"
                        },
                        "meta": {},
                        "tainted": false
                    },
                    "deposed": [],
                    "provider": ""
                }
            },
            "depends_on": []
        },
        {
            "path": [
                "root",
                "sg_alb"
            ],
            "outputs": {
                "security_group_id": {
                    "sensitive": false,
                    "type": "string",
                    "value": "sg-f109be89"
                }
            },
            "resources": {
                "aws_security_group.alb_security_group": {
                    "type": "aws_security_group",
                    "depends_on": [],
                    "primary": {
                        "id": "sg-f109be89",
                        "attributes": {
                            "description": "Security Group for sg_alb",
                            "egress.#": "1",
                            "egress.482069346.cidr_blocks.#": "1",
                            "egress.482069346.cidr_blocks.0": "0.0.0.0/0",
                            "egress.482069346.from_port": "0",
                            "egress.482069346.ipv6_cidr_blocks.#": "0",
                            "egress.482069346.prefix_list_ids.#": "0",
                            "egress.482069346.protocol": "-1",
                            "egress.482069346.security_groups.#": "0",
                            "egress.482069346.self": "false",
                            "egress.482069346.to_port": "0",
                            "id": "sg-f109be89",
                            "ingress.#": "4",
                            "ingress.2214680975.cidr_blocks.#": "1",
                            "ingress.2214680975.cidr_blocks.0": "0.0.0.0/0",
                            "ingress.2214680975.from_port": "80",
                            "ingress.2214680975.ipv6_cidr_blocks.#": "0",
                            "ingress.2214680975.protocol": "tcp",
                            "ingress.2214680975.security_groups.#": "0",
                            "ingress.2214680975.self": "false",
                            "ingress.2214680975.to_port": "80",
                            "ingress.2617001939.cidr_blocks.#": "1",
                            "ingress.2617001939.cidr_blocks.0": "0.0.0.0/0",
                            "ingress.2617001939.from_port": "443",
                            "ingress.2617001939.ipv6_cidr_blocks.#": "0",
                            "ingress.2617001939.protocol": "tcp",
                            "ingress.2617001939.security_groups.#": "0",
                            "ingress.2617001939.self": "false",
                            "ingress.2617001939.to_port": "443",
                            "ingress.3472572478.cidr_blocks.#": "0",
                            "ingress.3472572478.from_port": "0",
                            "ingress.3472572478.ipv6_cidr_blocks.#": "0",
                            "ingress.3472572478.protocol": "udp",
                            "ingress.3472572478.security_groups.#": "0",
                            "ingress.3472572478.self": "true",
                            "ingress.3472572478.to_port": "65535",
                            "ingress.3544538468.cidr_blocks.#": "0",
                            "ingress.3544538468.from_port": "0",
                            "ingress.3544538468.ipv6_cidr_blocks.#": "0",
                            "ingress.3544538468.protocol": "tcp",
                            "ingress.3544538468.security_groups.#": "0",
                            "ingress.3544538468.self": "true",
                            "ingress.3544538468.to_port": "65535",
                            "name": "sg_alb",
                            "owner_id": "469564823659",
                            "tags.%": "1",
                            "tags.Name": "alb security group prod - onkyo-store",
                            "vpc_id": "vpc-d38739b4"
                        },
                        "meta": {},
                        "tainted": false
                    },
                    "deposed": [],
                    "provider": ""
                }
            },
            "depends_on": []
        },
        {
            "path": [
                "root",
                "sg_app"
            ],
            "outputs": {
                "security_group_id": {
                    "sensitive": false,
                    "type": "string",
                    "value": "sg-12f6406a"
                }
            },
            "resources": {
                "aws_security_group.app_security_group": {
                    "type": "aws_security_group",
                    "depends_on": [],
                    "primary": {
                        "id": "sg-12f6406a",
                        "attributes": {
                            "description": "Security Group for sg_app",
                            "egress.#": "1",
                            "egress.482069346.cidr_blocks.#": "1",
                            "egress.482069346.cidr_blocks.0": "0.0.0.0/0",
                            "egress.482069346.from_port": "0",
                            "egress.482069346.ipv6_cidr_blocks.#": "0",
                            "egress.482069346.prefix_list_ids.#": "0",
                            "egress.482069346.protocol": "-1",
                            "egress.482069346.security_groups.#": "0",
                            "egress.482069346.self": "false",
                            "egress.482069346.to_port": "0",
                            "id": "sg-12f6406a",
                            "ingress.#": "4",
                            "ingress.2132800103.cidr_blocks.#": "0",
                            "ingress.2132800103.from_port": "22",
                            "ingress.2132800103.ipv6_cidr_blocks.#": "0",
                            "ingress.2132800103.protocol": "tcp",
                            "ingress.2132800103.security_groups.#": "1",
                            "ingress.2132800103.security_groups.556029117": "sg-e9f74191",
                            "ingress.2132800103.self": "false",
                            "ingress.2132800103.to_port": "22",
                            "ingress.3472572478.cidr_blocks.#": "0",
                            "ingress.3472572478.from_port": "0",
                            "ingress.3472572478.ipv6_cidr_blocks.#": "0",
                            "ingress.3472572478.protocol": "udp",
                            "ingress.3472572478.security_groups.#": "0",
                            "ingress.3472572478.self": "true",
                            "ingress.3472572478.to_port": "65535",
                            "ingress.3544538468.cidr_blocks.#": "0",
                            "ingress.3544538468.from_port": "0",
                            "ingress.3544538468.ipv6_cidr_blocks.#": "0",
                            "ingress.3544538468.protocol": "tcp",
                            "ingress.3544538468.security_groups.#": "0",
                            "ingress.3544538468.self": "true",
                            "ingress.3544538468.to_port": "65535",
                            "ingress.933242434.cidr_blocks.#": "0",
                            "ingress.933242434.from_port": "0",
                            "ingress.933242434.ipv6_cidr_blocks.#": "0",
                            "ingress.933242434.protocol": "tcp",
                            "ingress.933242434.security_groups.#": "1",
                            "ingress.933242434.security_groups.1806706643": "sg-f109be89",
                            "ingress.933242434.self": "false",
                            "ingress.933242434.to_port": "65535",
                            "name": "sg_app",
                            "owner_id": "469564823659",
                            "tags.%": "1",
                            "tags.Name": "application security group prod - onkyo-store",
                            "vpc_id": "vpc-d38739b4"
                        },
                        "meta": {},
                        "tainted": false
                    },
                    "deposed": [],
                    "provider": ""
                }
            },
            "depends_on": []
        },
        {
            "path": [
                "root",
                "sg_bastion"
            ],
            "outputs": {
                "security_group_id": {
                    "sensitive": false,
                    "type": "string",
                    "value": "sg-e9f74191"
                }
            },
            "resources": {
                "aws_security_group.bastion_security_group": {
                    "type": "aws_security_group",
                    "depends_on": [],
                    "primary": {
                        "id": "sg-e9f74191",
                        "attributes": {
                            "description": "Security Group for sg_bastion",
                            "egress.#": "1",
                            "egress.482069346.cidr_blocks.#": "1",
                            "egress.482069346.cidr_blocks.0": "0.0.0.0/0",
                            "egress.482069346.from_port": "0",
                            "egress.482069346.ipv6_cidr_blocks.#": "0",
                            "egress.482069346.prefix_list_ids.#": "0",
                            "egress.482069346.protocol": "-1",
                            "egress.482069346.security_groups.#": "0",
                            "egress.482069346.self": "false",
                            "egress.482069346.to_port": "0",
                            "id": "sg-e9f74191",
                            "ingress.#": "3",
                            "ingress.3472572478.cidr_blocks.#": "0",
                            "ingress.3472572478.from_port": "0",
                            "ingress.3472572478.ipv6_cidr_blocks.#": "0",
                            "ingress.3472572478.protocol": "udp",
                            "ingress.3472572478.security_groups.#": "0",
                            "ingress.3472572478.self": "true",
                            "ingress.3472572478.to_port": "65535",
                            "ingress.3544538468.cidr_blocks.#": "0",
                            "ingress.3544538468.from_port": "0",
                            "ingress.3544538468.ipv6_cidr_blocks.#": "0",
                            "ingress.3544538468.protocol": "tcp",
                            "ingress.3544538468.security_groups.#": "0",
                            "ingress.3544538468.self": "true",
                            "ingress.3544538468.to_port": "65535",
                            "ingress.3649122965.cidr_blocks.#": "1",
                            "ingress.3649122965.cidr_blocks.0": "84.233.151.236/32",
                            "ingress.3649122965.from_port": "22",
                            "ingress.3649122965.ipv6_cidr_blocks.#": "0",
                            "ingress.3649122965.protocol": "tcp",
                            "ingress.3649122965.security_groups.#": "0",
                            "ingress.3649122965.self": "false",
                            "ingress.3649122965.to_port": "22",
                            "name": "sg_bastion",
                            "owner_id": "469564823659",
                            "tags.%": "1",
                            "tags.Name": "bastion security group prod - onkyo-store",
                            "vpc_id": "vpc-d38739b4"
                        },
                        "meta": {},
                        "tainted": false
                    },
                    "deposed": [],
                    "provider": ""
                }
            },
            "depends_on": []
        },
        {
            "path": [
                "root",
                "vpc"
            ],
            "outputs": {
                "aws_nat_gateway": {
                    "sensitive": false,
                    "type": "string",
                    "value": "nat-04b174aa7f4056064"
                },
                "private_route_table_id": {
                    "sensitive": false,
                    "type": "string",
                    "value": "rtb-415a4626"
                },
                "private_subnets": {
                    "sensitive": false,
                    "type": "string",
                    "value": "subnet-785ea223,subnet-bd1cacda"
                },
                "public_route_table_id": {
                    "sensitive": false,
                    "type": "string",
                    "value": "rtb-3b54485c"
                },
                "public_subnets": {
                    "sensitive": false,
                    "type": "string",
                    "value": "subnet-c65ca09d,subnet-641eae03"
                },
                "vpc_id": {
                    "sensitive": false,
                    "type": "string",
                    "value": "vpc-d38739b4"
                }
            },
            "resources": {
                "aws_eip.nat": {
                    "type": "aws_eip",
                    "depends_on": [],
                    "primary": {
                        "id": "eipalloc-74d0844e",
                        "attributes": {
                            "association_id": "eipassoc-6be96f56",
                            "domain": "vpc",
                            "id": "eipalloc-74d0844e",
                            "instance": "",
                            "network_interface": "eni-b1be39bf",
                            "private_ip": "10.23.4.211",
                            "public_ip": "52.208.126.134",
                            "vpc": "true"
                        },
                        "meta": {},
                        "tainted": false
                    },
                    "deposed": [],
                    "provider": ""
                },
                "aws_internet_gateway.onkyo-store": {
                    "type": "aws_internet_gateway",
                    "depends_on": [
                        "aws_vpc.onkyo-store"
                    ],
                    "primary": {
                        "id": "igw-80124be4",
                        "attributes": {
                            "id": "igw-80124be4",
                            "tags.%": "1",
                            "tags.Name": "onkyo-store-ecs-prod-vpc-igw",
                            "vpc_id": "vpc-d38739b4"
                        },
                        "meta": {},
                        "tainted": false
                    },
                    "deposed": [],
                    "provider": ""
                },
                "aws_nat_gateway.gw": {
                    "type": "aws_nat_gateway",
                    "depends_on": [
                        "aws_eip.nat",
                        "aws_internet_gateway.onkyo-store",
                        "aws_subnet.public.*"
                    ],
                    "primary": {
                        "id": "nat-04b174aa7f4056064",
                        "attributes": {
                            "allocation_id": "eipalloc-74d0844e",
                            "id": "nat-04b174aa7f4056064",
                            "network_interface_id": "eni-b1be39bf",
                            "private_ip": "10.23.4.211",
                            "public_ip": "52.208.126.134",
                            "subnet_id": "subnet-c65ca09d"
                        },
                        "meta": {},
                        "tainted": false
                    },
                    "deposed": [],
                    "provider": ""
                },
                "aws_route_table.private": {
                    "type": "aws_route_table",
                    "depends_on": [
                        "aws_nat_gateway.gw",
                        "aws_vpc.onkyo-store"
                    ],
                    "primary": {
                        "id": "rtb-415a4626",
                        "attributes": {
                            "id": "rtb-415a4626",
                            "propagating_vgws.#": "0",
                            "route.#": "1",
                            "route.1094080237.cidr_block": "0.0.0.0/0",
                            "route.1094080237.egress_only_gateway_id": "",
                            "route.1094080237.gateway_id": "",
                            "route.1094080237.instance_id": "",
                            "route.1094080237.ipv6_cidr_block": "",
                            "route.1094080237.nat_gateway_id": "nat-04b174aa7f4056064",
                            "route.1094080237.network_interface_id": "",
                            "route.1094080237.vpc_peering_connection_id": "",
                            "tags.%": "1",
                            "tags.Name": "onkyo-store-ecs-prod-vpc-private-route",
                            "vpc_id": "vpc-d38739b4"
                        },
                        "meta": {},
                        "tainted": false
                    },
                    "deposed": [],
                    "provider": ""
                },
                "aws_route_table.public": {
                    "type": "aws_route_table",
                    "depends_on": [
                        "aws_internet_gateway.onkyo-store",
                        "aws_vpc.onkyo-store"
                    ],
                    "primary": {
                        "id": "rtb-3b54485c",
                        "attributes": {
                            "id": "rtb-3b54485c",
                            "propagating_vgws.#": "0",
                            "route.#": "1",
                            "route.768065327.cidr_block": "0.0.0.0/0",
                            "route.768065327.egress_only_gateway_id": "",
                            "route.768065327.gateway_id": "igw-80124be4",
                            "route.768065327.instance_id": "",
                            "route.768065327.ipv6_cidr_block": "",
                            "route.768065327.nat_gateway_id": "",
                            "route.768065327.network_interface_id": "",
                            "route.768065327.vpc_peering_connection_id": "",
                            "tags.%": "1",
                            "tags.Name": "onkyo-store-ecs-prod-vpc-public-route",
                            "vpc_id": "vpc-d38739b4"
                        },
                        "meta": {},
                        "tainted": false
                    },
                    "deposed": [],
                    "provider": ""
                },
                "aws_route_table_association.private.0": {
                    "type": "aws_route_table_association",
                    "depends_on": [
                        "aws_route_table.private",
                        "aws_subnet.private.*"
                    ],
                    "primary": {
                        "id": "rtbassoc-2baaac4d",
                        "attributes": {
                            "id": "rtbassoc-2baaac4d",
                            "route_table_id": "rtb-415a4626",
                            "subnet_id": "subnet-785ea223"
                        },
                        "meta": {},
                        "tainted": false
                    },
                    "deposed": [],
                    "provider": ""
                },
                "aws_route_table_association.private.1": {
                    "type": "aws_route_table_association",
                    "depends_on": [
                        "aws_route_table.private",
                        "aws_subnet.private.*"
                    ],
                    "primary": {
                        "id": "rtbassoc-30afa956",
                        "attributes": {
                            "id": "rtbassoc-30afa956",
                            "route_table_id": "rtb-415a4626",
                            "subnet_id": "subnet-bd1cacda"
                        },
                        "meta": {},
                        "tainted": false
                    },
                    "deposed": [],
                    "provider": ""
                },
                "aws_route_table_association.public.0": {
                    "type": "aws_route_table_association",
                    "depends_on": [
                        "aws_route_table.public",
                        "aws_subnet.public.*"
                    ],
                    "primary": {
                        "id": "rtbassoc-c7aaaca1",
                        "attributes": {
                            "id": "rtbassoc-c7aaaca1",
                            "route_table_id": "rtb-3b54485c",
                            "subnet_id": "subnet-c65ca09d"
                        },
                        "meta": {},
                        "tainted": false
                    },
                    "deposed": [],
                    "provider": ""
                },
                "aws_route_table_association.public.1": {
                    "type": "aws_route_table_association",
                    "depends_on": [
                        "aws_route_table.public",
                        "aws_subnet.public.*"
                    ],
                    "primary": {
                        "id": "rtbassoc-29afa94f",
                        "attributes": {
                            "id": "rtbassoc-29afa94f",
                            "route_table_id": "rtb-3b54485c",
                            "subnet_id": "subnet-641eae03"
                        },
                        "meta": {},
                        "tainted": false
                    },
                    "deposed": [],
                    "provider": ""
                },
                "aws_subnet.private.0": {
                    "type": "aws_subnet",
                    "depends_on": [
                        "aws_vpc.onkyo-store"
                    ],
                    "primary": {
                        "id": "subnet-785ea223",
                        "attributes": {
                            "assign_ipv6_address_on_creation": "false",
                            "availability_zone": "eu-west-1a",
                            "cidr_block": "10.23.1.0/24",
                            "id": "subnet-785ea223",
                            "map_public_ip_on_launch": "false",
                            "tags.%": "1",
                            "tags.Name": "onkyo-store-ecs-prod-vpc-private-subnet",
                            "vpc_id": "vpc-d38739b4"
                        },
                        "meta": {
                            "schema_version": "1"
                        },
                        "tainted": false
                    },
                    "deposed": [],
                    "provider": ""
                },
                "aws_subnet.private.1": {
                    "type": "aws_subnet",
                    "depends_on": [
                        "aws_vpc.onkyo-store"
                    ],
                    "primary": {
                        "id": "subnet-bd1cacda",
                        "attributes": {
                            "assign_ipv6_address_on_creation": "false",
                            "availability_zone": "eu-west-1b",
                            "cidr_block": "10.23.2.0/24",
                            "id": "subnet-bd1cacda",
                            "map_public_ip_on_launch": "false",
                            "tags.%": "1",
                            "tags.Name": "onkyo-store-ecs-prod-vpc-private-subnet",
                            "vpc_id": "vpc-d38739b4"
                        },
                        "meta": {
                            "schema_version": "1"
                        },
                        "tainted": false
                    },
                    "deposed": [],
                    "provider": ""
                },
                "aws_subnet.public.0": {
                    "type": "aws_subnet",
                    "depends_on": [
                        "aws_vpc.onkyo-store"
                    ],
                    "primary": {
                        "id": "subnet-c65ca09d",
                        "attributes": {
                            "assign_ipv6_address_on_creation": "false",
                            "availability_zone": "eu-west-1a",
                            "cidr_block": "10.23.4.0/24",
                            "id": "subnet-c65ca09d",
                            "map_public_ip_on_launch": "true",
                            "tags.%": "1",
                            "tags.Name": "onkyo-store-ecs-prod-vpc-public-subnet",
                            "vpc_id": "vpc-d38739b4"
                        },
                        "meta": {
                            "schema_version": "1"
                        },
                        "tainted": false
                    },
                    "deposed": [],
                    "provider": ""
                },
                "aws_subnet.public.1": {
                    "type": "aws_subnet",
                    "depends_on": [
                        "aws_vpc.onkyo-store"
                    ],
                    "primary": {
                        "id": "subnet-641eae03",
                        "attributes": {
                            "assign_ipv6_address_on_creation": "false",
                            "availability_zone": "eu-west-1b",
                            "cidr_block": "10.23.5.0/24",
                            "id": "subnet-641eae03",
                            "map_public_ip_on_launch": "true",
                            "tags.%": "1",
                            "tags.Name": "onkyo-store-ecs-prod-vpc-public-subnet",
                            "vpc_id": "vpc-d38739b4"
                        },
                        "meta": {
                            "schema_version": "1"
                        },
                        "tainted": false
                    },
                    "deposed": [],
                    "provider": ""
                },
                "aws_vpc.onkyo-store": {
                    "type": "aws_vpc",
                    "depends_on": [],
                    "primary": {
                        "id": "vpc-d38739b4",
                        "attributes": {
                            "assign_generated_ipv6_cidr_block": "false",
                            "cidr_block": "10.23.0.0/16",
                            "default_network_acl_id": "acl-5b85cd3c",
                            "default_route_table_id": "rtb-3c54485b",
                            "default_security_group_id": "sg-a709bedf",
                            "dhcp_options_id": "dopt-e7759682",
                            "enable_classiclink": "false",
                            "enable_dns_hostnames": "true",
                            "enable_dns_support": "true",
                            "id": "vpc-d38739b4",
                            "instance_tenancy": "default",
                            "main_route_table_id": "rtb-3c54485b",
                            "tags.%": "1",
                            "tags.Name": "onkyo-store-ecs-prod-vpc"
                        },
                        "meta": {
                            "schema_version": "1"
                        },
                        "tainted": false
                    },
                    "deposed": [],
                    "provider": ""
                }
            },
            "depends_on": []
        }
    ]
}
