{
    "version": 3,
    "terraform_version": "0.9.11",
    "serial": 141,
    "lineage": "20fd6327-4511-489c-82a2-5ced09675275",
    "modules": [
        {
            "path": [
                "root"
            ],
            "outputs": {
                "alb dns name": {
                    "sensitive": false,
                    "type": "string",
                    "value": "onkyo-alb-qa-1451521906.eu-west-1.elb.amazonaws.com"
                },
                "bastion public ip address": {
                    "sensitive": false,
                    "type": "string",
                    "value": "34.252.129.110"
                },
                "vpc id": {
                    "sensitive": false,
                    "type": "string",
                    "value": "vpc-3c17925b"
                }
            },
            "resources": {},
            "depends_on": []
        },
        {
            "path": [
                "root",
                "alb"
            ],
            "outputs": {
                "alb_dns": {
                    "sensitive": false,
                    "type": "string",
                    "value": "onkyo-alb-qa-1451521906.eu-west-1.elb.amazonaws.com"
                },
                "alb_id": {
                    "sensitive": false,
                    "type": "string",
                    "value": "arn:aws:elasticloadbalancing:eu-west-1:469564823659:loadbalancer/app/onkyo-alb-qa/bcb8e2385e493c6e"
                },
                "aws_alb_target_group": {
                    "sensitive": false,
                    "type": "string",
                    "value": "arn:aws:elasticloadbalancing:eu-west-1:469564823659:targetgroup/onkyo-alb-qa-target-group/f698e777f8f9965f"
                }
            },
            "resources": {
                "aws_alb.onkyo-store": {
                    "type": "aws_alb",
                    "depends_on": [],
                    "primary": {
                        "id": "arn:aws:elasticloadbalancing:eu-west-1:469564823659:loadbalancer/app/onkyo-alb-qa/bcb8e2385e493c6e",
                        "attributes": {
                            "access_logs.#": "0",
                            "arn": "arn:aws:elasticloadbalancing:eu-west-1:469564823659:loadbalancer/app/onkyo-alb-qa/bcb8e2385e493c6e",
                            "arn_suffix": "app/onkyo-alb-qa/bcb8e2385e493c6e",
                            "dns_name": "onkyo-alb-qa-1451521906.eu-west-1.elb.amazonaws.com",
                            "enable_deletion_protection": "false",
                            "id": "arn:aws:elasticloadbalancing:eu-west-1:469564823659:loadbalancer/app/onkyo-alb-qa/bcb8e2385e493c6e",
                            "idle_timeout": "60",
                            "internal": "false",
                            "ip_address_type": "ipv4",
                            "name": "onkyo-alb-qa",
                            "security_groups.#": "1",
                            "security_groups.3432378988": "sg-03b40e7b",
                            "subnets.#": "2",
                            "subnets.1546732993": "subnet-e1758eba",
                            "subnets.3949286629": "subnet-b315aad4",
                            "tags.%": "2",
                            "tags.Name": "onkyo-store alb qa-alb",
                            "tags.team": "systems",
                            "vpc_id": "vpc-3c17925b",
                            "zone_id": "Z32O12XQLNTSW2"
                        },
                        "meta": {
                            "e2bfb730-ecaa-11e6-8f88-34363bc7c4c0": {
                                "create": 600000000000,
                                "delete": 600000000000,
                                "update": 600000000000
                            }
                        },
                        "tainted": false
                    },
                    "deposed": [],
                    "provider": ""
                },
                "aws_alb_listener.http": {
                    "type": "aws_alb_listener",
                    "depends_on": [
                        "aws_alb.onkyo-store",
                        "aws_alb_target_group.onkyo-store"
                    ],
                    "primary": {
                        "id": "arn:aws:elasticloadbalancing:eu-west-1:469564823659:listener/app/onkyo-alb-qa/bcb8e2385e493c6e/ae0b84af1e268672",
                        "attributes": {
                            "arn": "arn:aws:elasticloadbalancing:eu-west-1:469564823659:listener/app/onkyo-alb-qa/bcb8e2385e493c6e/ae0b84af1e268672",
                            "default_action.#": "1",
                            "default_action.0.target_group_arn": "arn:aws:elasticloadbalancing:eu-west-1:469564823659:targetgroup/onkyo-alb-qa-target-group/f698e777f8f9965f",
                            "default_action.0.type": "forward",
                            "id": "arn:aws:elasticloadbalancing:eu-west-1:469564823659:listener/app/onkyo-alb-qa/bcb8e2385e493c6e/ae0b84af1e268672",
                            "load_balancer_arn": "arn:aws:elasticloadbalancing:eu-west-1:469564823659:loadbalancer/app/onkyo-alb-qa/bcb8e2385e493c6e",
                            "port": "80",
                            "protocol": "HTTP",
                            "ssl_policy": ""
                        },
                        "meta": {},
                        "tainted": false
                    },
                    "deposed": [],
                    "provider": ""
                },
                "aws_alb_listener_rule.static": {
                    "type": "aws_alb_listener_rule",
                    "depends_on": [
                        "aws_alb_listener.http",
                        "aws_alb_target_group.onkyo-store"
                    ],
                    "primary": {
                        "id": "arn:aws:elasticloadbalancing:eu-west-1:469564823659:listener-rule/app/onkyo-alb-qa/bcb8e2385e493c6e/ae0b84af1e268672/b913b27677ebb058",
                        "attributes": {
                            "action.#": "1",
                            "action.0.target_group_arn": "arn:aws:elasticloadbalancing:eu-west-1:469564823659:targetgroup/onkyo-alb-qa-target-group/f698e777f8f9965f",
                            "action.0.type": "forward",
                            "arn": "arn:aws:elasticloadbalancing:eu-west-1:469564823659:listener-rule/app/onkyo-alb-qa/bcb8e2385e493c6e/ae0b84af1e268672/b913b27677ebb058",
                            "condition.#": "1",
                            "condition.0.field": "path-pattern",
                            "condition.0.values.#": "1",
                            "condition.0.values.0": "/GB/home/*",
                            "id": "arn:aws:elasticloadbalancing:eu-west-1:469564823659:listener-rule/app/onkyo-alb-qa/bcb8e2385e493c6e/ae0b84af1e268672/b913b27677ebb058",
                            "listener_arn": "arn:aws:elasticloadbalancing:eu-west-1:469564823659:listener/app/onkyo-alb-qa/bcb8e2385e493c6e/ae0b84af1e268672",
                            "priority": "100"
                        },
                        "meta": {},
                        "tainted": false
                    },
                    "deposed": [],
                    "provider": ""
                },
                "aws_alb_target_group.onkyo-store": {
                    "type": "aws_alb_target_group",
                    "depends_on": [
                        "aws_alb.onkyo-store"
                    ],
                    "primary": {
                        "id": "arn:aws:elasticloadbalancing:eu-west-1:469564823659:targetgroup/onkyo-alb-qa-target-group/f698e777f8f9965f",
                        "attributes": {
                            "arn": "arn:aws:elasticloadbalancing:eu-west-1:469564823659:targetgroup/onkyo-alb-qa-target-group/f698e777f8f9965f",
                            "arn_suffix": "targetgroup/onkyo-alb-qa-target-group/f698e777f8f9965f",
                            "deregistration_delay": "300",
                            "health_check.#": "1",
                            "health_check.0.healthy_threshold": "5",
                            "health_check.0.interval": "15",
                            "health_check.0.matcher": "200",
                            "health_check.0.path": "/",
                            "health_check.0.port": "traffic-port",
                            "health_check.0.protocol": "HTTP",
                            "health_check.0.timeout": "5",
                            "health_check.0.unhealthy_threshold": "5",
                            "id": "arn:aws:elasticloadbalancing:eu-west-1:469564823659:targetgroup/onkyo-alb-qa-target-group/f698e777f8f9965f",
                            "name": "onkyo-alb-qa-target-group",
                            "port": "80",
                            "protocol": "HTTP",
                            "stickiness.#": "1",
                            "stickiness.0.cookie_duration": "86400",
                            "stickiness.0.enabled": "true",
                            "stickiness.0.type": "lb_cookie",
                            "tags.%": "1",
                            "tags.Name": "onkyo-store alb qa-group",
                            "vpc_id": "vpc-3c17925b"
                        },
                        "meta": {},
                        "tainted": false
                    },
                    "deposed": [],
                    "provider": ""
                }
            },
            "depends_on": []
        },
        {
            "path": [
                "root",
                "autoscaling_groups"
            ],
            "outputs": {
                "cluster_name": {
                    "sensitive": false,
                    "type": "string",
                    "value": "onkyo-ecs-cluster-qa"
                }
            },
            "resources": {
                "aws_autoscaling_group.ecs": {
                    "type": "aws_autoscaling_group",
                    "depends_on": [],
                    "primary": {
                        "id": "onkyo-ecs-cluster-qa",
                        "attributes": {
                            "arn": "arn:aws:autoscaling:eu-west-1:469564823659:autoScalingGroup:5ef47e6a-eedc-4b5f-b3e9-ea87cdc25512:autoScalingGroupName/onkyo-ecs-cluster-qa",
                            "availability_zones.#": "2",
                            "availability_zones.1924028850": "eu-west-1b",
                            "availability_zones.3953592328": "eu-west-1a",
                            "default_cooldown": "300",
                            "desired_capacity": "2",
                            "enabled_metrics.#": "7",
                            "enabled_metrics.1940933563": "GroupTotalInstances",
                            "enabled_metrics.308948767": "GroupPendingInstances",
                            "enabled_metrics.3267518000": "GroupTerminatingInstances",
                            "enabled_metrics.3394537085": "GroupDesiredCapacity",
                            "enabled_metrics.3551801763": "GroupInServiceInstances",
                            "enabled_metrics.4118539418": "GroupMinSize",
                            "enabled_metrics.4136111317": "GroupMaxSize",
                            "force_delete": "true",
                            "health_check_grace_period": "300",
                            "health_check_type": "EC2",
                            "id": "onkyo-ecs-cluster-qa",
                            "launch_configuration": "onkyo-store-cluster-ec2-launch-configuration-qa",
                            "load_balancers.#": "0",
                            "max_size": "6",
                            "metrics_granularity": "1Minute",
                            "min_size": "2",
                            "name": "onkyo-ecs-cluster-qa",
                            "placement_group": "",
                            "protect_from_scale_in": "false",
                            "suspended_processes.#": "0",
                            "tag.#": "1",
                            "tag.484320080.key": "Name",
                            "tag.484320080.propagate_at_launch": "true",
                            "tag.484320080.value": "ecs-autoscaling-instance-onkyo-ecs-cluster-qa",
                            "target_group_arns.#": "0",
                            "termination_policies.#": "0",
                            "vpc_zone_identifier.#": "2",
                            "vpc_zone_identifier.2710249040": "subnet-f76a91ac",
                            "vpc_zone_identifier.3417162200": "subnet-151ba472",
                            "wait_for_capacity_timeout": "10m"
                        },
                        "meta": {},
                        "tainted": false
                    },
                    "deposed": [],
                    "provider": ""
                }
            },
            "depends_on": []
        },
        {
            "path": [
                "root",
                "autoscaling_policy"
            ],
            "outputs": {
                "scale-down-ec2-cluster": {
                    "sensitive": false,
                    "type": "string",
                    "value": "arn:aws:autoscaling:eu-west-1:469564823659:scalingPolicy:f849f362-9b7d-4c2a-a26d-923c65fd5a61:autoScalingGroupName/onkyo-ecs-cluster-qa:policyName/scale-down-ec2-cluster"
                },
                "scale-up-ec2-cluster": {
                    "sensitive": false,
                    "type": "string",
                    "value": "arn:aws:autoscaling:eu-west-1:469564823659:scalingPolicy:deed9ddc-cdb1-4040-ad40-9412fd6e38bb:autoScalingGroupName/onkyo-ecs-cluster-qa:policyName/scale-up-ec2-cluster"
                }
            },
            "resources": {
                "aws_autoscaling_policy.scale-down-ec2-cluster": {
                    "type": "aws_autoscaling_policy",
                    "depends_on": [],
                    "primary": {
                        "id": "scale-down-ec2-cluster",
                        "attributes": {
                            "adjustment_type": "ChangeInCapacity",
                            "arn": "arn:aws:autoscaling:eu-west-1:469564823659:scalingPolicy:f849f362-9b7d-4c2a-a26d-923c65fd5a61:autoScalingGroupName/onkyo-ecs-cluster-qa:policyName/scale-down-ec2-cluster",
                            "autoscaling_group_name": "onkyo-ecs-cluster-qa",
                            "cooldown": "120",
                            "estimated_instance_warmup": "0",
                            "id": "scale-down-ec2-cluster",
                            "metric_aggregation_type": "",
                            "min_adjustment_step": "0",
                            "name": "scale-down-ec2-cluster",
                            "policy_type": "SimpleScaling",
                            "scaling_adjustment": "-1",
                            "step_adjustment.#": "0"
                        },
                        "meta": {},
                        "tainted": false
                    },
                    "deposed": [],
                    "provider": ""
                },
                "aws_autoscaling_policy.scale-up-ec2-cluster": {
                    "type": "aws_autoscaling_policy",
                    "depends_on": [],
                    "primary": {
                        "id": "scale-up-ec2-cluster",
                        "attributes": {
                            "adjustment_type": "ChangeInCapacity",
                            "arn": "arn:aws:autoscaling:eu-west-1:469564823659:scalingPolicy:deed9ddc-cdb1-4040-ad40-9412fd6e38bb:autoScalingGroupName/onkyo-ecs-cluster-qa:policyName/scale-up-ec2-cluster",
                            "autoscaling_group_name": "onkyo-ecs-cluster-qa",
                            "cooldown": "120",
                            "estimated_instance_warmup": "0",
                            "id": "scale-up-ec2-cluster",
                            "metric_aggregation_type": "",
                            "min_adjustment_step": "0",
                            "name": "scale-up-ec2-cluster",
                            "policy_type": "SimpleScaling",
                            "scaling_adjustment": "1",
                            "step_adjustment.#": "0"
                        },
                        "meta": {},
                        "tainted": false
                    },
                    "deposed": [],
                    "provider": ""
                }
            },
            "depends_on": []
        },
        {
            "path": [
                "root",
                "bastion_server"
            ],
            "outputs": {
                "bastion_public_ip": {
                    "sensitive": false,
                    "type": "string",
                    "value": "34.252.129.110"
                }
            },
            "resources": {
                "aws_instance.bastion": {
                    "type": "aws_instance",
                    "depends_on": [],
                    "primary": {
                        "id": "i-0c076f73c0fd6428b",
                        "attributes": {
                            "ami": "ami-9398d3e0",
                            "associate_public_ip_address": "true",
                            "availability_zone": "eu-west-1a",
                            "disable_api_termination": "false",
                            "ebs_block_device.#": "0",
                            "ebs_optimized": "false",
                            "ephemeral_block_device.#": "0",
                            "iam_instance_profile": "",
                            "id": "i-0c076f73c0fd6428b",
                            "instance_state": "running",
                            "instance_type": "t2.small",
                            "ipv6_addresses.#": "0",
                            "key_name": "tf_onkyo-store",
                            "monitoring": "false",
                            "network_interface.#": "0",
                            "network_interface_id": "eni-5d7a1553",
                            "primary_network_interface_id": "eni-5d7a1553",
                            "private_dns": "ip-10-13-4-235.eu-west-1.compute.internal",
                            "private_ip": "10.13.4.235",
                            "public_dns": "ec2-34-252-129-110.eu-west-1.compute.amazonaws.com",
                            "public_ip": "34.252.129.110",
                            "root_block_device.#": "1",
                            "root_block_device.0.delete_on_termination": "true",
                            "root_block_device.0.iops": "100",
                            "root_block_device.0.volume_size": "8",
                            "root_block_device.0.volume_type": "gp2",
                            "security_groups.#": "0",
                            "source_dest_check": "false",
                            "subnet_id": "subnet-e1758eba",
                            "tags.%": "2",
                            "tags.Name": "onkyo-store-bastion-ecs-qa",
                            "tags.team": "systems",
                            "tenancy": "default",
                            "volume_tags.%": "0",
                            "vpc_security_group_ids.#": "1",
                            "vpc_security_group_ids.2794892451": "sg-d7aa10af"
                        },
                        "meta": {
                            "e2bfb730-ecaa-11e6-8f88-34363bc7c4c0": {
                                "create": 600000000000,
                                "delete": 600000000000,
                                "update": 600000000000
                            },
                            "schema_version": "1"
                        },
                        "tainted": false
                    },
                    "deposed": [],
                    "provider": ""
                }
            },
            "depends_on": []
        },
        {
            "path": [
                "root",
                "cloudwatch"
            ],
            "outputs": {},
            "resources": {
                "aws_appautoscaling_policy.service_down": {
                    "type": "aws_appautoscaling_policy",
                    "depends_on": [
                        "aws_appautoscaling_target.ecs_target"
                    ],
                    "primary": {
                        "id": "service-down-qa",
                        "attributes": {
                            "adjustment_type": "ChangeInCapacity",
                            "alarms.#": "0",
                            "arn": "arn:aws:autoscaling:eu-west-1:469564823659:scalingPolicy:9e59c554-41cc-48cd-9d4c-af00bcfeb49a:resource/ecs/service/onkyo-ecs-cluster-qa/onkyo-store-ecs-service-qa:policyName/service-down-qa",
                            "cooldown": "60",
                            "id": "service-down-qa",
                            "metric_aggregation_type": "Average",
                            "name": "service-down-qa",
                            "policy_type": "StepScaling",
                            "resource_id": "service/onkyo-ecs-cluster-qa/onkyo-store-ecs-service-qa",
                            "scalable_dimension": "ecs:service:DesiredCount",
                            "service_namespace": "ecs",
                            "step_adjustment.#": "1",
                            "step_adjustment.2173517692.metric_interval_lower_bound": "",
                            "step_adjustment.2173517692.metric_interval_upper_bound": "0",
                            "step_adjustment.2173517692.scaling_adjustment": "-1"
                        },
                        "meta": {},
                        "tainted": false
                    },
                    "deposed": [],
                    "provider": ""
                },
                "aws_appautoscaling_policy.service_up": {
                    "type": "aws_appautoscaling_policy",
                    "depends_on": [
                        "aws_appautoscaling_target.ecs_target"
                    ],
                    "primary": {
                        "id": "service-up-qa",
                        "attributes": {
                            "adjustment_type": "ChangeInCapacity",
                            "alarms.#": "0",
                            "arn": "arn:aws:autoscaling:eu-west-1:469564823659:scalingPolicy:9e59c554-41cc-48cd-9d4c-af00bcfeb49a:resource/ecs/service/onkyo-ecs-cluster-qa/onkyo-store-ecs-service-qa:policyName/service-up-qa",
                            "cooldown": "60",
                            "id": "service-up-qa",
                            "metric_aggregation_type": "Average",
                            "name": "service-up-qa",
                            "policy_type": "StepScaling",
                            "resource_id": "service/onkyo-ecs-cluster-qa/onkyo-store-ecs-service-qa",
                            "scalable_dimension": "ecs:service:DesiredCount",
                            "service_namespace": "ecs",
                            "step_adjustment.#": "1",
                            "step_adjustment.2087484785.metric_interval_lower_bound": "0",
                            "step_adjustment.2087484785.metric_interval_upper_bound": "",
                            "step_adjustment.2087484785.scaling_adjustment": "1"
                        },
                        "meta": {},
                        "tainted": false
                    },
                    "deposed": [],
                    "provider": ""
                },
                "aws_appautoscaling_target.ecs_target": {
                    "type": "aws_appautoscaling_target",
                    "depends_on": [],
                    "primary": {
                        "id": "service/onkyo-ecs-cluster-qa/onkyo-store-ecs-service-qa",
                        "attributes": {
                            "id": "service/onkyo-ecs-cluster-qa/onkyo-store-ecs-service-qa",
                            "max_capacity": "4",
                            "min_capacity": "1",
                            "resource_id": "service/onkyo-ecs-cluster-qa/onkyo-store-ecs-service-qa",
                            "role_arn": "arn:aws:iam::469564823659:role/ecsAutoscaleRole",
                            "scalable_dimension": "ecs:service:DesiredCount",
                            "service_namespace": "ecs"
                        },
                        "meta": {},
                        "tainted": false
                    },
                    "deposed": [],
                    "provider": ""
                },
                "aws_cloudwatch_metric_alarm.memory-reservation-above-70": {
                    "type": "aws_cloudwatch_metric_alarm",
                    "depends_on": [],
                    "primary": {
                        "id": "ECS-qa-cluster-memory-reservation-above-70",
                        "attributes": {
                            "actions_enabled": "true",
                            "alarm_actions.#": "1",
                            "alarm_actions.2529936103": "arn:aws:autoscaling:eu-west-1:469564823659:scalingPolicy:deed9ddc-cdb1-4040-ad40-9412fd6e38bb:autoScalingGroupName/onkyo-ecs-cluster-qa:policyName/scale-up-ec2-cluster",
                            "alarm_description": "This metric monitors ECS memory reservation and scales out",
                            "alarm_name": "ECS-qa-cluster-memory-reservation-above-70",
                            "comparison_operator": "GreaterThanOrEqualToThreshold",
                            "dimensions.%": "1",
                            "dimensions.ClusterName": "onkyo-ecs-cluster-qa",
                            "evaluate_low_sample_count_percentiles": "",
                            "evaluation_periods": "1",
                            "extended_statistic": "",
                            "id": "ECS-qa-cluster-memory-reservation-above-70",
                            "insufficient_data_actions.#": "0",
                            "metric_name": "MemoryReservation",
                            "namespace": "AWS/ECS",
                            "ok_actions.#": "0",
                            "period": "180",
                            "statistic": "Average",
                            "threshold": "70",
                            "treat_missing_data": "missing",
                            "unit": ""
                        },
                        "meta": {
                            "schema_version": "1"
                        },
                        "tainted": false
                    },
                    "deposed": [],
                    "provider": ""
                },
                "aws_cloudwatch_metric_alarm.memory-reservation-below-18": {
                    "type": "aws_cloudwatch_metric_alarm",
                    "depends_on": [],
                    "primary": {
                        "id": "ECS-qa-cluster-memory-reservation-below-18",
                        "attributes": {
                            "actions_enabled": "true",
                            "alarm_actions.#": "1",
                            "alarm_actions.600218922": "arn:aws:autoscaling:eu-west-1:469564823659:scalingPolicy:f849f362-9b7d-4c2a-a26d-923c65fd5a61:autoScalingGroupName/onkyo-ecs-cluster-qa:policyName/scale-down-ec2-cluster",
                            "alarm_description": "This metric monitors ECS memory reservation and scales in",
                            "alarm_name": "ECS-qa-cluster-memory-reservation-below-18",
                            "comparison_operator": "LessThanOrEqualToThreshold",
                            "dimensions.%": "1",
                            "dimensions.ClusterName": "onkyo-ecs-cluster-qa",
                            "evaluate_low_sample_count_percentiles": "",
                            "evaluation_periods": "1",
                            "extended_statistic": "",
                            "id": "ECS-qa-cluster-memory-reservation-below-18",
                            "insufficient_data_actions.#": "0",
                            "metric_name": "MemoryReservation",
                            "namespace": "AWS/ECS",
                            "ok_actions.#": "0",
                            "period": "180",
                            "statistic": "Average",
                            "threshold": "18",
                            "treat_missing_data": "missing",
                            "unit": ""
                        },
                        "meta": {
                            "schema_version": "1"
                        },
                        "tainted": false
                    },
                    "deposed": [],
                    "provider": ""
                },
                "aws_cloudwatch_metric_alarm.service_down": {
                    "type": "aws_cloudwatch_metric_alarm",
                    "depends_on": [
                        "aws_appautoscaling_policy.service_down"
                    ],
                    "primary": {
                        "id": "ECS-qa-service-memory-utilization-below-25",
                        "attributes": {
                            "actions_enabled": "true",
                            "alarm_actions.#": "1",
                            "alarm_actions.3445399984": "arn:aws:autoscaling:eu-west-1:469564823659:scalingPolicy:9e59c554-41cc-48cd-9d4c-af00bcfeb49a:resource/ecs/service/onkyo-ecs-cluster-qa/onkyo-store-ecs-service-qa:policyName/service-down-qa",
                            "alarm_description": "",
                            "alarm_name": "ECS-qa-service-memory-utilization-below-25",
                            "comparison_operator": "LessThanThreshold",
                            "dimensions.%": "2",
                            "dimensions.ClusterName": "onkyo-ecs-cluster-qa",
                            "dimensions.ServiceName": "onkyo-store-ecs-service-qa",
                            "evaluate_low_sample_count_percentiles": "",
                            "evaluation_periods": "1",
                            "extended_statistic": "",
                            "id": "ECS-qa-service-memory-utilization-below-25",
                            "insufficient_data_actions.#": "0",
                            "metric_name": "MemoryUtilization",
                            "namespace": "AWS/ECS",
                            "ok_actions.#": "0",
                            "period": "180",
                            "statistic": "Average",
                            "threshold": "25",
                            "treat_missing_data": "missing",
                            "unit": ""
                        },
                        "meta": {
                            "schema_version": "1"
                        },
                        "tainted": false
                    },
                    "deposed": [],
                    "provider": ""
                },
                "aws_cloudwatch_metric_alarm.service_up": {
                    "type": "aws_cloudwatch_metric_alarm",
                    "depends_on": [
                        "aws_appautoscaling_policy.service_up"
                    ],
                    "primary": {
                        "id": "ECS-qa-service-memory-utilization-above-70",
                        "attributes": {
                            "actions_enabled": "true",
                            "alarm_actions.#": "1",
                            "alarm_actions.4204350972": "arn:aws:autoscaling:eu-west-1:469564823659:scalingPolicy:9e59c554-41cc-48cd-9d4c-af00bcfeb49a:resource/ecs/service/onkyo-ecs-cluster-qa/onkyo-store-ecs-service-qa:policyName/service-up-qa",
                            "alarm_description": "",
                            "alarm_name": "ECS-qa-service-memory-utilization-above-70",
                            "comparison_operator": "GreaterThanOrEqualToThreshold",
                            "dimensions.%": "2",
                            "dimensions.ClusterName": "onkyo-ecs-cluster-qa",
                            "dimensions.ServiceName": "onkyo-store-ecs-service-qa",
                            "evaluate_low_sample_count_percentiles": "",
                            "evaluation_periods": "1",
                            "extended_statistic": "",
                            "id": "ECS-qa-service-memory-utilization-above-70",
                            "insufficient_data_actions.#": "0",
                            "metric_name": "MemoryUtilization",
                            "namespace": "AWS/ECS",
                            "ok_actions.#": "0",
                            "period": "60",
                            "statistic": "Average",
                            "threshold": "70",
                            "treat_missing_data": "missing",
                            "unit": ""
                        },
                        "meta": {
                            "schema_version": "1"
                        },
                        "tainted": false
                    },
                    "deposed": [],
                    "provider": ""
                }
            },
            "depends_on": []
        },
        {
            "path": [
                "root",
                "dns"
            ],
            "outputs": {},
            "resources": {
                "aws_route53_record.onkyo-store-alb-dns": {
                    "type": "aws_route53_record",
                    "depends_on": [],
                    "primary": {
                        "id": "Z2XI64330TOW4G_onkyo-store_CNAME",
                        "attributes": {
                            "fqdn": "onkyo-store.uat.global.7digital.net",
                            "health_check_id": "",
                            "id": "Z2XI64330TOW4G_onkyo-store_CNAME",
                            "name": "onkyo-store",
                            "records.#": "1",
                            "records.4253335068": "onkyo-alb-qa-1451521906.eu-west-1.elb.amazonaws.com",
                            "set_identifier": "",
                            "ttl": "300",
                            "type": "CNAME",
                            "zone_id": "Z2XI64330TOW4G"
                        },
                        "meta": {
                            "schema_version": "2"
                        },
                        "tainted": false
                    },
                    "deposed": [],
                    "provider": ""
                }
            },
            "depends_on": []
        },
        {
            "path": [
                "root",
                "ecs_cluster"
            ],
            "outputs": {
                "aws_ecs_cluster": {
                    "sensitive": false,
                    "type": "string",
                    "value": "onkyo-ecs-cluster-qa"
                }
            },
            "resources": {
                "aws_ecs_cluster.onkyo-store": {
                    "type": "aws_ecs_cluster",
                    "depends_on": [],
                    "primary": {
                        "id": "arn:aws:ecs:eu-west-1:469564823659:cluster/onkyo-ecs-cluster-qa",
                        "attributes": {
                            "id": "arn:aws:ecs:eu-west-1:469564823659:cluster/onkyo-ecs-cluster-qa",
                            "name": "onkyo-ecs-cluster-qa"
                        },
                        "meta": {},
                        "tainted": false
                    },
                    "deposed": [],
                    "provider": ""
                }
            },
            "depends_on": []
        },
        {
            "path": [
                "root",
                "ecs_service"
            ],
            "outputs": {},
            "resources": {
                "aws_ecs_service.onkyo-store-service": {
                    "type": "aws_ecs_service",
                    "depends_on": [
                        "aws_iam_role_policy.ecs_service_role_policy"
                    ],
                    "primary": {
                        "id": "arn:aws:ecs:eu-west-1:469564823659:service/onkyo-store-ecs-service-qa",
                        "attributes": {
                            "cluster": "onkyo-ecs-cluster-qa",
                            "deployment_maximum_percent": "100",
                            "deployment_minimum_healthy_percent": "50",
                            "desired_count": "2",
                            "iam_role": "ecs_role-qa",
                            "id": "arn:aws:ecs:eu-west-1:469564823659:service/onkyo-store-ecs-service-qa",
                            "load_balancer.#": "1",
                            "load_balancer.1138296531.container_name": "onkyo-store-task-definition-qa",
                            "load_balancer.1138296531.container_port": "80",
                            "load_balancer.1138296531.elb_name": "",
                            "load_balancer.1138296531.target_group_arn": "arn:aws:elasticloadbalancing:eu-west-1:469564823659:targetgroup/onkyo-alb-qa-target-group/f698e777f8f9965f",
                            "name": "onkyo-store-ecs-service-qa",
                            "placement_constraints.#": "0",
                            "placement_strategy.#": "2",
                            "placement_strategy.2093792364.field": "attribute:ecs.availability-zone",
                            "placement_strategy.2093792364.type": "spread",
                            "placement_strategy.3946258308.field": "instanceId",
                            "placement_strategy.3946258308.type": "spread",
                            "task_definition": "arn:aws:ecs:eu-west-1:469564823659:task-definition/onkyo-store-task-definition-qa:21"
                        },
                        "meta": {},
                        "tainted": false
                    },
                    "deposed": [],
                    "provider": ""
                },
                "aws_iam_role_policy.ecs_service_role_policy": {
                    "type": "aws_iam_role_policy",
                    "depends_on": [],
                    "primary": {
                        "id": "ecs_role-qa:ecs-service-role-policy",
                        "attributes": {
                            "id": "ecs_role-qa:ecs-service-role-policy",
                            "name": "ecs-service-role-policy",
                            "policy": "{\n  \"Version\": \"2012-10-17\",\n  \"Statement\": [\n    {\n      \"Effect\": \"Allow\",\n      \"Action\": [\n        \"ec2:AuthorizeSecurityGroupIngress\",\n        \"ec2:Describe*\",\n        \"elasticloadbalancing:DeregisterInstancesFromLoadBalancer\",\n        \"elasticloadbalancing:DeregisterTargets\",\n        \"elasticloadbalancing:Describe*\",\n        \"elasticloadbalancing:RegisterInstancesWithLoadBalancer\",\n        \"elasticloadbalancing:RegisterTargets\"\n      ],\n      \"Resource\": \"*\"\n    }\n  ]\n}",
                            "role": "ecs_role-qa"
                        },
                        "meta": {},
                        "tainted": false
                    },
                    "deposed": [],
                    "provider": ""
                }
            },
            "depends_on": []
        },
        {
            "path": [
                "root",
                "ecs_task_definition"
            ],
            "outputs": {
                "task_definition_arn": {
                    "sensitive": false,
                    "type": "string",
                    "value": "arn:aws:ecs:eu-west-1:469564823659:task-definition/onkyo-store-task-definition-qa:21"
                }
            },
            "resources": {
                "aws_ecs_task_definition.onkyo_store_service": {
                    "type": "aws_ecs_task_definition",
                    "depends_on": [],
                    "primary": {
                        "id": "onkyo-store-task-definition-qa",
                        "attributes": {
                            "arn": "arn:aws:ecs:eu-west-1:469564823659:task-definition/onkyo-store-task-definition-qa:21",
                            "container_definitions": "45cbcd2048d523883625819731bf02e5ca84d5e5",
                            "family": "onkyo-store-task-definition-qa",
                            "id": "onkyo-store-task-definition-qa",
                            "network_mode": "",
                            "placement_constraints.#": "0",
                            "revision": "21",
                            "task_role_arn": ""
                        },
                        "meta": {},
                        "tainted": false
                    },
                    "deposed": [],
                    "provider": ""
                }
            },
            "depends_on": []
        },
        {
            "path": [
                "root",
                "launch_configurations"
            ],
            "outputs": {
                "ecs": {
                    "sensitive": false,
                    "type": "string",
                    "value": "onkyo-store-cluster-ec2-launch-configuration-qa"
                },
                "iam_role": {
                    "sensitive": false,
                    "type": "string",
                    "value": "ecs_role-qa"
                }
            },
            "resources": {
                "aws_iam_instance_profile.ecs_inst_profile": {
                    "type": "aws_iam_instance_profile",
                    "depends_on": [
                        "aws_iam_role.ecs_role"
                    ],
                    "primary": {
                        "id": "ecs_inst_profile_qa",
                        "attributes": {
                            "arn": "arn:aws:iam::469564823659:instance-profile/ecs_inst_profile_qa",
                            "id": "ecs_inst_profile_qa",
                            "name": "ecs_inst_profile_qa",
                            "path": "/",
                            "role": "ecs_role-qa",
                            "roles.#": "0",
                            "unique_id": "AIPAIQLGSZJ7LHWYITUU2"
                        },
                        "meta": {},
                        "tainted": false
                    },
                    "deposed": [],
                    "provider": ""
                },
                "aws_iam_role.ecs_role": {
                    "type": "aws_iam_role",
                    "depends_on": [],
                    "primary": {
                        "id": "ecs_role-qa",
                        "attributes": {
                            "arn": "arn:aws:iam::469564823659:role/ecs_role-qa",
                            "assume_role_policy": "{\"Version\":\"2008-10-17\",\"Statement\":[{\"Effect\":\"Allow\",\"Principal\":{\"Service\":[\"ec2.amazonaws.com\",\"ecs.amazonaws.com\"]},\"Action\":\"sts:AssumeRole\"}]}",
                            "create_date": "2017-07-31T16:38:34Z",
                            "id": "ecs_role-qa",
                            "name": "ecs_role-qa",
                            "path": "/",
                            "unique_id": "AROAJET3QBNQQXKQCEGB6"
                        },
                        "meta": {},
                        "tainted": false
                    },
                    "deposed": [],
                    "provider": ""
                },
                "aws_iam_role_policy.ecs_instance_role_policy": {
                    "type": "aws_iam_role_policy",
                    "depends_on": [
                        "aws_iam_role.ecs_role"
                    ],
                    "primary": {
                        "id": "ecs_role-qa:ecs_instance_role_policy_qa",
                        "attributes": {
                            "id": "ecs_role-qa:ecs_instance_role_policy_qa",
                            "name": "ecs_instance_role_policy_qa",
                            "policy": "{\n  \"Version\": \"2012-10-17\",\n  \"Statement\": [\n    {\n      \"Effect\": \"Allow\",\n      \"Action\": [\n        \"ecs:CreateCluster\",\n        \"ecs:DeregisterContainerInstance\",\n        \"ecs:DiscoverPollEndpoint\",\n        \"ecs:Poll\",\n        \"ecs:RegisterContainerInstance\",\n        \"ecs:StartTelemetrySession\",\n        \"ecs:UpdateContainerInstancesState\",\n        \"ecs:Submit*\",\n        \"ecs:StartTask\",\n        \"ecr:GetAuthorizationToken\",\n        \"ecr:BatchCheckLayerAvailability\",\n        \"ecr:GetDownloadUrlForLayer\",\n        \"ecr:BatchGetImage\",\n        \"logs:CreateLogStream\",\n        \"logs:PutLogEvents\"\n      ],\n      \"Resource\": \"*\"\n    }\n  ]\n}\n",
                            "role": "ecs_role-qa"
                        },
                        "meta": {},
                        "tainted": false
                    },
                    "deposed": [],
                    "provider": ""
                },
                "aws_launch_configuration.ecs": {
                    "type": "aws_launch_configuration",
                    "depends_on": [
                        "aws_iam_instance_profile.ecs_inst_profile"
                    ],
                    "primary": {
                        "id": "onkyo-store-cluster-ec2-launch-configuration-qa",
                        "attributes": {
                            "associate_public_ip_address": "false",
                            "ebs_block_device.#": "0",
                            "ebs_optimized": "false",
                            "enable_monitoring": "true",
                            "ephemeral_block_device.#": "0",
                            "iam_instance_profile": "ecs_inst_profile_qa",
                            "id": "onkyo-store-cluster-ec2-launch-configuration-qa",
                            "image_id": "ami-5ae4f83c",
                            "instance_type": "t2.small",
                            "key_name": "tf_onkyo-store",
                            "name": "onkyo-store-cluster-ec2-launch-configuration-qa",
                            "root_block_device.#": "0",
                            "security_groups.#": "1",
                            "security_groups.2120248431": "sg-58b40e20",
                            "spot_price": "",
                            "user_data": "a962d0b4eb8ee7086cf9ebae0dde59633a776b30",
                            "vpc_classic_link_id": "",
                            "vpc_classic_link_security_groups.#": "0"
                        },
                        "meta": {},
                        "tainted": false
                    },
                    "deposed": [],
                    "provider": ""
                }
            },
            "depends_on": []
        },
        {
            "path": [
                "root",
                "sg_alb"
            ],
            "outputs": {
                "security_group_id": {
                    "sensitive": false,
                    "type": "string",
                    "value": "sg-03b40e7b"
                }
            },
            "resources": {
                "aws_security_group.alb_security_group": {
                    "type": "aws_security_group",
                    "depends_on": [],
                    "primary": {
                        "id": "sg-03b40e7b",
                        "attributes": {
                            "description": "Security Group for sg_alb",
                            "egress.#": "1",
                            "egress.482069346.cidr_blocks.#": "1",
                            "egress.482069346.cidr_blocks.0": "0.0.0.0/0",
                            "egress.482069346.from_port": "0",
                            "egress.482069346.ipv6_cidr_blocks.#": "0",
                            "egress.482069346.prefix_list_ids.#": "0",
                            "egress.482069346.protocol": "-1",
                            "egress.482069346.security_groups.#": "0",
                            "egress.482069346.self": "false",
                            "egress.482069346.to_port": "0",
                            "id": "sg-03b40e7b",
                            "ingress.#": "4",
                            "ingress.2214680975.cidr_blocks.#": "1",
                            "ingress.2214680975.cidr_blocks.0": "0.0.0.0/0",
                            "ingress.2214680975.from_port": "80",
                            "ingress.2214680975.ipv6_cidr_blocks.#": "0",
                            "ingress.2214680975.protocol": "tcp",
                            "ingress.2214680975.security_groups.#": "0",
                            "ingress.2214680975.self": "false",
                            "ingress.2214680975.to_port": "80",
                            "ingress.2617001939.cidr_blocks.#": "1",
                            "ingress.2617001939.cidr_blocks.0": "0.0.0.0/0",
                            "ingress.2617001939.from_port": "443",
                            "ingress.2617001939.ipv6_cidr_blocks.#": "0",
                            "ingress.2617001939.protocol": "tcp",
                            "ingress.2617001939.security_groups.#": "0",
                            "ingress.2617001939.self": "false",
                            "ingress.2617001939.to_port": "443",
                            "ingress.3472572478.cidr_blocks.#": "0",
                            "ingress.3472572478.from_port": "0",
                            "ingress.3472572478.ipv6_cidr_blocks.#": "0",
                            "ingress.3472572478.protocol": "udp",
                            "ingress.3472572478.security_groups.#": "0",
                            "ingress.3472572478.self": "true",
                            "ingress.3472572478.to_port": "65535",
                            "ingress.3544538468.cidr_blocks.#": "0",
                            "ingress.3544538468.from_port": "0",
                            "ingress.3544538468.ipv6_cidr_blocks.#": "0",
                            "ingress.3544538468.protocol": "tcp",
                            "ingress.3544538468.security_groups.#": "0",
                            "ingress.3544538468.self": "true",
                            "ingress.3544538468.to_port": "65535",
                            "name": "sg_alb",
                            "owner_id": "469564823659",
                            "tags.%": "1",
                            "tags.Name": "alb security group qa - onkyo-store",
                            "vpc_id": "vpc-3c17925b"
                        },
                        "meta": {},
                        "tainted": false
                    },
                    "deposed": [],
                    "provider": ""
                }
            },
            "depends_on": []
        },
        {
            "path": [
                "root",
                "sg_app"
            ],
            "outputs": {
                "security_group_id": {
                    "sensitive": false,
                    "type": "string",
                    "value": "sg-58b40e20"
                }
            },
            "resources": {
                "aws_security_group.app_security_group": {
                    "type": "aws_security_group",
                    "depends_on": [],
                    "primary": {
                        "id": "sg-58b40e20",
                        "attributes": {
                            "description": "Security Group for sg_app",
                            "egress.#": "1",
                            "egress.482069346.cidr_blocks.#": "1",
                            "egress.482069346.cidr_blocks.0": "0.0.0.0/0",
                            "egress.482069346.from_port": "0",
                            "egress.482069346.ipv6_cidr_blocks.#": "0",
                            "egress.482069346.prefix_list_ids.#": "0",
                            "egress.482069346.protocol": "-1",
                            "egress.482069346.security_groups.#": "0",
                            "egress.482069346.self": "false",
                            "egress.482069346.to_port": "0",
                            "id": "sg-58b40e20",
                            "ingress.#": "4",
                            "ingress.1826205066.cidr_blocks.#": "0",
                            "ingress.1826205066.from_port": "0",
                            "ingress.1826205066.ipv6_cidr_blocks.#": "0",
                            "ingress.1826205066.protocol": "tcp",
                            "ingress.1826205066.security_groups.#": "1",
                            "ingress.1826205066.security_groups.3432378988": "sg-03b40e7b",
                            "ingress.1826205066.self": "false",
                            "ingress.1826205066.to_port": "65535",
                            "ingress.2241297916.cidr_blocks.#": "0",
                            "ingress.2241297916.from_port": "22",
                            "ingress.2241297916.ipv6_cidr_blocks.#": "0",
                            "ingress.2241297916.protocol": "tcp",
                            "ingress.2241297916.security_groups.#": "1",
                            "ingress.2241297916.security_groups.2794892451": "sg-d7aa10af",
                            "ingress.2241297916.self": "false",
                            "ingress.2241297916.to_port": "22",
                            "ingress.3472572478.cidr_blocks.#": "0",
                            "ingress.3472572478.from_port": "0",
                            "ingress.3472572478.ipv6_cidr_blocks.#": "0",
                            "ingress.3472572478.protocol": "udp",
                            "ingress.3472572478.security_groups.#": "0",
                            "ingress.3472572478.self": "true",
                            "ingress.3472572478.to_port": "65535",
                            "ingress.3544538468.cidr_blocks.#": "0",
                            "ingress.3544538468.from_port": "0",
                            "ingress.3544538468.ipv6_cidr_blocks.#": "0",
                            "ingress.3544538468.protocol": "tcp",
                            "ingress.3544538468.security_groups.#": "0",
                            "ingress.3544538468.self": "true",
                            "ingress.3544538468.to_port": "65535",
                            "name": "sg_app",
                            "owner_id": "469564823659",
                            "tags.%": "1",
                            "tags.Name": "application security group qa - onkyo-store",
                            "vpc_id": "vpc-3c17925b"
                        },
                        "meta": {},
                        "tainted": false
                    },
                    "deposed": [],
                    "provider": ""
                }
            },
            "depends_on": []
        },
        {
            "path": [
                "root",
                "sg_bastion"
            ],
            "outputs": {
                "security_group_id": {
                    "sensitive": false,
                    "type": "string",
                    "value": "sg-d7aa10af"
                }
            },
            "resources": {
                "aws_security_group.bastion_security_group": {
                    "type": "aws_security_group",
                    "depends_on": [],
                    "primary": {
                        "id": "sg-d7aa10af",
                        "attributes": {
                            "description": "Security Group for sg_bastion",
                            "egress.#": "1",
                            "egress.482069346.cidr_blocks.#": "1",
                            "egress.482069346.cidr_blocks.0": "0.0.0.0/0",
                            "egress.482069346.from_port": "0",
                            "egress.482069346.ipv6_cidr_blocks.#": "0",
                            "egress.482069346.prefix_list_ids.#": "0",
                            "egress.482069346.protocol": "-1",
                            "egress.482069346.security_groups.#": "0",
                            "egress.482069346.self": "false",
                            "egress.482069346.to_port": "0",
                            "id": "sg-d7aa10af",
                            "ingress.#": "3",
                            "ingress.3472572478.cidr_blocks.#": "0",
                            "ingress.3472572478.from_port": "0",
                            "ingress.3472572478.ipv6_cidr_blocks.#": "0",
                            "ingress.3472572478.protocol": "udp",
                            "ingress.3472572478.security_groups.#": "0",
                            "ingress.3472572478.self": "true",
                            "ingress.3472572478.to_port": "65535",
                            "ingress.3544538468.cidr_blocks.#": "0",
                            "ingress.3544538468.from_port": "0",
                            "ingress.3544538468.ipv6_cidr_blocks.#": "0",
                            "ingress.3544538468.protocol": "tcp",
                            "ingress.3544538468.security_groups.#": "0",
                            "ingress.3544538468.self": "true",
                            "ingress.3544538468.to_port": "65535",
                            "ingress.3649122965.cidr_blocks.#": "1",
                            "ingress.3649122965.cidr_blocks.0": "84.233.151.236/32",
                            "ingress.3649122965.from_port": "22",
                            "ingress.3649122965.ipv6_cidr_blocks.#": "0",
                            "ingress.3649122965.protocol": "tcp",
                            "ingress.3649122965.security_groups.#": "0",
                            "ingress.3649122965.self": "false",
                            "ingress.3649122965.to_port": "22",
                            "name": "sg_bastion",
                            "owner_id": "469564823659",
                            "tags.%": "1",
                            "tags.Name": "bastion security group qa - onkyo-store",
                            "vpc_id": "vpc-3c17925b"
                        },
                        "meta": {},
                        "tainted": false
                    },
                    "deposed": [],
                    "provider": ""
                }
            },
            "depends_on": []
        },
        {
            "path": [
                "root",
                "vpc"
            ],
            "outputs": {
                "aws_nat_gateway": {
                    "sensitive": false,
                    "type": "string",
                    "value": "nat-0db88c68689a0704d"
                },
                "private_route_table_id": {
                    "sensitive": false,
                    "type": "string",
                    "value": "rtb-6c93890b"
                },
                "private_subnets": {
                    "sensitive": false,
                    "type": "string",
                    "value": "subnet-f76a91ac,subnet-151ba472"
                },
                "public_route_table_id": {
                    "sensitive": false,
                    "type": "string",
                    "value": "rtb-e8908a8f"
                },
                "public_subnets": {
                    "sensitive": false,
                    "type": "string",
                    "value": "subnet-e1758eba,subnet-b315aad4"
                },
                "vpc_id": {
                    "sensitive": false,
                    "type": "string",
                    "value": "vpc-3c17925b"
                }
            },
            "resources": {
                "aws_eip.nat": {
                    "type": "aws_eip",
                    "depends_on": [],
                    "primary": {
                        "id": "eipalloc-1394c429",
                        "attributes": {
                            "association_id": "",
                            "domain": "vpc",
                            "id": "eipalloc-1394c429",
                            "instance": "",
                            "network_interface": "",
                            "private_ip": "",
                            "public_ip": "52.208.40.116",
                            "vpc": "true"
                        },
                        "meta": {},
                        "tainted": false
                    },
                    "deposed": [],
                    "provider": ""
                },
                "aws_internet_gateway.onkyo-store": {
                    "type": "aws_internet_gateway",
                    "depends_on": [
                        "aws_vpc.onkyo-store"
                    ],
                    "primary": {
                        "id": "igw-5dd4f139",
                        "attributes": {
                            "id": "igw-5dd4f139",
                            "tags.%": "1",
                            "tags.Name": "onkyo-store-ecs-qa-vpc-igw",
                            "vpc_id": "vpc-3c17925b"
                        },
                        "meta": {},
                        "tainted": false
                    },
                    "deposed": [],
                    "provider": ""
                },
                "aws_nat_gateway.gw": {
                    "type": "aws_nat_gateway",
                    "depends_on": [
                        "aws_eip.nat",
                        "aws_internet_gateway.onkyo-store",
                        "aws_subnet.public.*"
                    ],
                    "primary": {
                        "id": "nat-0db88c68689a0704d",
                        "attributes": {
                            "allocation_id": "eipalloc-1394c429",
                            "id": "nat-0db88c68689a0704d",
                            "network_interface_id": "eni-fb7b14f5",
                            "private_ip": "10.13.4.9",
                            "public_ip": "52.208.40.116",
                            "subnet_id": "subnet-e1758eba"
                        },
                        "meta": {},
                        "tainted": false
                    },
                    "deposed": [],
                    "provider": ""
                },
                "aws_route_table.private": {
                    "type": "aws_route_table",
                    "depends_on": [
                        "aws_nat_gateway.gw",
                        "aws_vpc.onkyo-store"
                    ],
                    "primary": {
                        "id": "rtb-6c93890b",
                        "attributes": {
                            "id": "rtb-6c93890b",
                            "propagating_vgws.#": "0",
                            "route.#": "1",
                            "route.1468131358.cidr_block": "0.0.0.0/0",
                            "route.1468131358.egress_only_gateway_id": "",
                            "route.1468131358.gateway_id": "",
                            "route.1468131358.instance_id": "",
                            "route.1468131358.ipv6_cidr_block": "",
                            "route.1468131358.nat_gateway_id": "nat-0db88c68689a0704d",
                            "route.1468131358.network_interface_id": "",
                            "route.1468131358.vpc_peering_connection_id": "",
                            "tags.%": "1",
                            "tags.Name": "onkyo-store-ecs-qa-vpc-private-route",
                            "vpc_id": "vpc-3c17925b"
                        },
                        "meta": {},
                        "tainted": false
                    },
                    "deposed": [],
                    "provider": ""
                },
                "aws_route_table.public": {
                    "type": "aws_route_table",
                    "depends_on": [
                        "aws_internet_gateway.onkyo-store",
                        "aws_vpc.onkyo-store"
                    ],
                    "primary": {
                        "id": "rtb-e8908a8f",
                        "attributes": {
                            "id": "rtb-e8908a8f",
                            "propagating_vgws.#": "0",
                            "route.#": "1",
                            "route.465814923.cidr_block": "0.0.0.0/0",
                            "route.465814923.egress_only_gateway_id": "",
                            "route.465814923.gateway_id": "igw-5dd4f139",
                            "route.465814923.instance_id": "",
                            "route.465814923.ipv6_cidr_block": "",
                            "route.465814923.nat_gateway_id": "",
                            "route.465814923.network_interface_id": "",
                            "route.465814923.vpc_peering_connection_id": "",
                            "tags.%": "1",
                            "tags.Name": "onkyo-store-ecs-qa-vpc-public-route",
                            "vpc_id": "vpc-3c17925b"
                        },
                        "meta": {},
                        "tainted": false
                    },
                    "deposed": [],
                    "provider": ""
                },
                "aws_route_table_association.private.0": {
                    "type": "aws_route_table_association",
                    "depends_on": [
                        "aws_route_table.private",
                        "aws_subnet.private.*"
                    ],
                    "primary": {
                        "id": "rtbassoc-b89990de",
                        "attributes": {
                            "id": "rtbassoc-b89990de",
                            "route_table_id": "rtb-6c93890b",
                            "subnet_id": "subnet-f76a91ac"
                        },
                        "meta": {},
                        "tainted": false
                    },
                    "deposed": [],
                    "provider": ""
                },
                "aws_route_table_association.private.1": {
                    "type": "aws_route_table_association",
                    "depends_on": [
                        "aws_route_table.private",
                        "aws_subnet.private.*"
                    ],
                    "primary": {
                        "id": "rtbassoc-f6989190",
                        "attributes": {
                            "id": "rtbassoc-f6989190",
                            "route_table_id": "rtb-6c93890b",
                            "subnet_id": "subnet-151ba472"
                        },
                        "meta": {},
                        "tainted": false
                    },
                    "deposed": [],
                    "provider": ""
                },
                "aws_route_table_association.public.0": {
                    "type": "aws_route_table_association",
                    "depends_on": [
                        "aws_route_table.public",
                        "aws_subnet.public.*"
                    ],
                    "primary": {
                        "id": "rtbassoc-62999004",
                        "attributes": {
                            "id": "rtbassoc-62999004",
                            "route_table_id": "rtb-e8908a8f",
                            "subnet_id": "subnet-e1758eba"
                        },
                        "meta": {},
                        "tainted": false
                    },
                    "deposed": [],
                    "provider": ""
                },
                "aws_route_table_association.public.1": {
                    "type": "aws_route_table_association",
                    "depends_on": [
                        "aws_route_table.public",
                        "aws_subnet.public.*"
                    ],
                    "primary": {
                        "id": "rtbassoc-a8878ece",
                        "attributes": {
                            "id": "rtbassoc-a8878ece",
                            "route_table_id": "rtb-e8908a8f",
                            "subnet_id": "subnet-b315aad4"
                        },
                        "meta": {},
                        "tainted": false
                    },
                    "deposed": [],
                    "provider": ""
                },
                "aws_subnet.private.0": {
                    "type": "aws_subnet",
                    "depends_on": [
                        "aws_vpc.onkyo-store"
                    ],
                    "primary": {
                        "id": "subnet-f76a91ac",
                        "attributes": {
                            "assign_ipv6_address_on_creation": "false",
                            "availability_zone": "eu-west-1a",
                            "cidr_block": "10.13.1.0/24",
                            "id": "subnet-f76a91ac",
                            "map_public_ip_on_launch": "false",
                            "tags.%": "1",
                            "tags.Name": "onkyo-store-ecs-qa-vpc-private-subnet",
                            "vpc_id": "vpc-3c17925b"
                        },
                        "meta": {
                            "schema_version": "1"
                        },
                        "tainted": false
                    },
                    "deposed": [],
                    "provider": ""
                },
                "aws_subnet.private.1": {
                    "type": "aws_subnet",
                    "depends_on": [
                        "aws_vpc.onkyo-store"
                    ],
                    "primary": {
                        "id": "subnet-151ba472",
                        "attributes": {
                            "assign_ipv6_address_on_creation": "false",
                            "availability_zone": "eu-west-1b",
                            "cidr_block": "10.13.2.0/24",
                            "id": "subnet-151ba472",
                            "map_public_ip_on_launch": "false",
                            "tags.%": "1",
                            "tags.Name": "onkyo-store-ecs-qa-vpc-private-subnet",
                            "vpc_id": "vpc-3c17925b"
                        },
                        "meta": {
                            "schema_version": "1"
                        },
                        "tainted": false
                    },
                    "deposed": [],
                    "provider": ""
                },
                "aws_subnet.public.0": {
                    "type": "aws_subnet",
                    "depends_on": [
                        "aws_vpc.onkyo-store"
                    ],
                    "primary": {
                        "id": "subnet-e1758eba",
                        "attributes": {
                            "assign_ipv6_address_on_creation": "false",
                            "availability_zone": "eu-west-1a",
                            "cidr_block": "10.13.4.0/24",
                            "id": "subnet-e1758eba",
                            "map_public_ip_on_launch": "true",
                            "tags.%": "1",
                            "tags.Name": "onkyo-store-ecs-qa-vpc-public-subnet",
                            "vpc_id": "vpc-3c17925b"
                        },
                        "meta": {
                            "schema_version": "1"
                        },
                        "tainted": false
                    },
                    "deposed": [],
                    "provider": ""
                },
                "aws_subnet.public.1": {
                    "type": "aws_subnet",
                    "depends_on": [
                        "aws_vpc.onkyo-store"
                    ],
                    "primary": {
                        "id": "subnet-b315aad4",
                        "attributes": {
                            "assign_ipv6_address_on_creation": "false",
                            "availability_zone": "eu-west-1b",
                            "cidr_block": "10.13.5.0/24",
                            "id": "subnet-b315aad4",
                            "map_public_ip_on_launch": "true",
                            "tags.%": "1",
                            "tags.Name": "onkyo-store-ecs-qa-vpc-public-subnet",
                            "vpc_id": "vpc-3c17925b"
                        },
                        "meta": {
                            "schema_version": "1"
                        },
                        "tainted": false
                    },
                    "deposed": [],
                    "provider": ""
                },
                "aws_vpc.onkyo-store": {
                    "type": "aws_vpc",
                    "depends_on": [],
                    "primary": {
                        "id": "vpc-3c17925b",
                        "attributes": {
                            "assign_generated_ipv6_cidr_block": "false",
                            "cidr_block": "10.13.0.0/16",
                            "default_network_acl_id": "acl-deadfbb9",
                            "default_route_table_id": "rtb-aa908acd",
                            "default_security_group_id": "sg-69ab1111",
                            "dhcp_options_id": "dopt-e7759682",
                            "enable_classiclink": "false",
                            "enable_dns_hostnames": "true",
                            "enable_dns_support": "true",
                            "id": "vpc-3c17925b",
                            "instance_tenancy": "default",
                            "main_route_table_id": "rtb-aa908acd",
                            "tags.%": "1",
                            "tags.Name": "onkyo-store-ecs-qa-vpc"
                        },
                        "meta": {
                            "schema_version": "1"
                        },
                        "tainted": false
                    },
                    "deposed": [],
                    "provider": ""
                }
            },
            "depends_on": []
        }
    ]
}
